PODS:
  - FSCalendar (2.8.4)
  - SnapKit (5.6.0)
  - SwiftKeychainWrapper (4.0.1)
  - Then (3.0.0)

DEPENDENCIES:
  - FSCalendar
  - SnapKit (~> 5.6.0)
  - SwiftKeychainWrapper
  - Then

SPEC REPOS:
  trunk:
    - FSCalendar
    - SnapKit
    - SwiftKeychainWrapper
    - Then

SPEC CHECKSUMS:
  FSCalendar: 2d1d0d9398f12d439f55c1fe0f01525b151b8260
  SnapKit: e01d52ebb8ddbc333eefe2132acf85c8227d9c25
  SwiftKeychainWrapper: 807ba1d63c33a7d0613288512399cd1eda1e470c
  Then: 844265ae87834bbe1147d91d5d41a404da2ec27d

PODFILE CHECKSUM: db7910acbc6681d4dbd9896dc7b6b8a08dd075f6

COCOAPODS: 1.11.3
