// !$*UTF8*$!
{
	archiveVersion = 1;
	classes = {
	};
	objectVersion = 56;
	objects = {

/* Begin PBXBuildFile section */
		C411938E29D2817C003DBC15 /* AppDelegate.swift in Sources */ = {isa = PBXBuildFile; fileRef = C411938D29D2817C003DBC15 /* AppDelegate.swift */; };
		C411939029D2817C003DBC15 /* SceneDelegate.swift in Sources */ = {isa = PBXBuildFile; fileRef = C411938F29D2817C003DBC15 /* SceneDelegate.swift */; };
		C411939229D2817C003DBC15 /* ViewController.swift in Sources */ = {isa = PBXBuildFile; fileRef = C411939129D2817C003DBC15 /* ViewController.swift */; };
		C411939729D2817E003DBC15 /* Assets.xcassets in Resources */ = {isa = PBXBuildFile; fileRef = C411939629D2817E003DBC15 /* Assets.xcassets */; };
		C411939A29D2817E003DBC15 /* LaunchScreen.storyboard in Resources */ = {isa = PBXBuildFile; fileRef = C411939829D2817E003DBC15 /* LaunchScreen.storyboard */; };
		C41193A529D2817F003DBC15 /* MMMTests.swift in Sources */ = {isa = PBXBuildFile; fileRef = C41193A429D2817F003DBC15 /* MMMTests.swift */; };
		C41193AF29D2817F003DBC15 /* MMMUITests.swift in Sources */ = {isa = PBXBuildFile; fileRef = C41193AE29D2817F003DBC15 /* MMMUITests.swift */; };
		C41193B129D2817F003DBC15 /* MMMUITestsLaunchTests.swift in Sources */ = {isa = PBXBuildFile; fileRef = C41193B029D2817F003DBC15 /* MMMUITestsLaunchTests.swift */; };
		C41193C629D2838E003DBC15 /* Icon.xcassets in Resources */ = {isa = PBXBuildFile; fileRef = C41193C429D2838D003DBC15 /* Icon.xcassets */; };
		C41193C729D2838E003DBC15 /* Color.xcassets in Resources */ = {isa = PBXBuildFile; fileRef = C41193C529D2838E003DBC15 /* Color.xcassets */; };
/* End PBXBuildFile section */

/* Begin PBXContainerItemProxy section */
		C41193A129D2817F003DBC15 /* PBXContainerItemProxy */ = {
			isa = PBXContainerItemProxy;
			containerPortal = C411938229D2817C003DBC15 /* Project object */;
			proxyType = 1;
			remoteGlobalIDString = C411938929D2817C003DBC15;
			remoteInfo = MMM;
		};
		C41193AB29D2817F003DBC15 /* PBXContainerItemProxy */ = {
			isa = PBXContainerItemProxy;
			containerPortal = C411938229D2817C003DBC15 /* Project object */;
			proxyType = 1;
			remoteGlobalIDString = C411938929D2817C003DBC15;
			remoteInfo = MMM;
		};
/* End PBXContainerItemProxy section */

/* Begin PBXFileReference section */
		C411938A29D2817C003DBC15 /* MMM.app */ = {isa = PBXFileReference; explicitFileType = wrapper.application; includeInIndex = 0; path = MMM.app; sourceTree = BUILT_PRODUCTS_DIR; };
		C411938D29D2817C003DBC15 /* AppDelegate.swift */ = {isa = PBXFileReference; lastKnownFileType = sourcecode.swift; path = AppDelegate.swift; sourceTree = "<group>"; };
		C411938F29D2817C003DBC15 /* SceneDelegate.swift */ = {isa = PBXFileReference; lastKnownFileType = sourcecode.swift; path = SceneDelegate.swift; sourceTree = "<group>"; };
		C411939129D2817C003DBC15 /* ViewController.swift */ = {isa = PBXFileReference; lastKnownFileType = sourcecode.swift; path = ViewController.swift; sourceTree = "<group>"; };
		C411939629D2817E003DBC15 /* Assets.xcassets */ = {isa = PBXFileReference; lastKnownFileType = folder.assetcatalog; path = Assets.xcassets; sourceTree = "<group>"; };
		C411939929D2817E003DBC15 /* Base */ = {isa = PBXFileReference; lastKnownFileType = file.storyboard; name = Base; path = Base.lproj/LaunchScreen.storyboard; sourceTree = "<group>"; };
		C411939B29D2817E003DBC15 /* Info.plist */ = {isa = PBXFileReference; lastKnownFileType = text.plist.xml; path = Info.plist; sourceTree = "<group>"; };
		C41193A029D2817F003DBC15 /* MMMTests.xctest */ = {isa = PBXFileReference; explicitFileType = wrapper.cfbundle; includeInIndex = 0; path = MMMTests.xctest; sourceTree = BUILT_PRODUCTS_DIR; };
		C41193A429D2817F003DBC15 /* MMMTests.swift */ = {isa = PBXFileReference; lastKnownFileType = sourcecode.swift; path = MMMTests.swift; sourceTree = "<group>"; };
		C41193AA29D2817F003DBC15 /* MMMUITests.xctest */ = {isa = PBXFileReference; explicitFileType = wrapper.cfbundle; includeInIndex = 0; path = MMMUITests.xctest; sourceTree = BUILT_PRODUCTS_DIR; };
		C41193AE29D2817F003DBC15 /* MMMUITests.swift */ = {isa = PBXFileReference; lastKnownFileType = sourcecode.swift; path = MMMUITests.swift; sourceTree = "<group>"; };
		C41193B029D2817F003DBC15 /* MMMUITestsLaunchTests.swift */ = {isa = PBXFileReference; lastKnownFileType = sourcecode.swift; path = MMMUITestsLaunchTests.swift; sourceTree = "<group>"; };
		C41193C429D2838D003DBC15 /* Icon.xcassets */ = {isa = PBXFileReference; lastKnownFileType = folder.assetcatalog; path = Icon.xcassets; sourceTree = "<group>"; };
		C41193C529D2838E003DBC15 /* Color.xcassets */ = {isa = PBXFileReference; lastKnownFileType = folder.assetcatalog; path = Color.xcassets; sourceTree = "<group>"; };
/* End PBXFileReference section */

/* Begin PBXFrameworksBuildPhase section */
		C411938729D2817C003DBC15 /* Frameworks */ = {
			isa = PBXFrameworksBuildPhase;
			buildActionMask = 2147483647;
			files = (
			);
			runOnlyForDeploymentPostprocessing = 0;
		};
		C411939D29D2817F003DBC15 /* Frameworks */ = {
			isa = PBXFrameworksBuildPhase;
			buildActionMask = 2147483647;
			files = (
			);
			runOnlyForDeploymentPostprocessing = 0;
		};
		C41193A729D2817F003DBC15 /* Frameworks */ = {
			isa = PBXFrameworksBuildPhase;
			buildActionMask = 2147483647;
			files = (
			);
			runOnlyForDeploymentPostprocessing = 0;
		};
/* End PBXFrameworksBuildPhase section */

/* Begin PBXGroup section */
		C411938129D2817C003DBC15 = {
			isa = PBXGroup;
			children = (
				C411938C29D2817C003DBC15 /* MMM */,
				C41193A329D2817F003DBC15 /* MMMTests */,
				C41193AD29D2817F003DBC15 /* MMMUITests */,
				C411938B29D2817C003DBC15 /* Products */,
			);
			sourceTree = "<group>";
		};
		C411938B29D2817C003DBC15 /* Products */ = {
			isa = PBXGroup;
			children = (
				C411938A29D2817C003DBC15 /* MMM.app */,
				C41193A029D2817F003DBC15 /* MMMTests.xctest */,
				C41193AA29D2817F003DBC15 /* MMMUITests.xctest */,
			);
			name = Products;
			sourceTree = "<group>";
		};
		C411938C29D2817C003DBC15 /* MMM */ = {
			isa = PBXGroup;
			children = (
				C41193BD29D281AB003DBC15 /* Resources */,
				C41193BE29D281BF003DBC15 /* Sources */,
				C41193C029D281F2003DBC15 /* ViewController */,
			);
			path = MMM;
			sourceTree = "<group>";
		};
		C41193A329D2817F003DBC15 /* MMMTests */ = {
			isa = PBXGroup;
			children = (
				C41193A429D2817F003DBC15 /* MMMTests.swift */,
			);
			path = MMMTests;
			sourceTree = "<group>";
		};
		C41193AD29D2817F003DBC15 /* MMMUITests */ = {
			isa = PBXGroup;
			children = (
				C41193AE29D2817F003DBC15 /* MMMUITests.swift */,
				C41193B029D2817F003DBC15 /* MMMUITestsLaunchTests.swift */,
			);
			path = MMMUITests;
			sourceTree = "<group>";
		};
		C41193BD29D281AB003DBC15 /* Resources */ = {
			isa = PBXGroup;
			children = (
				C41193C229D28318003DBC15 /* Info */,
				C41193C329D28334003DBC15 /* Assets */,
				C411939829D2817E003DBC15 /* LaunchScreen.storyboard */,
			);
			path = Resources;
			sourceTree = "<group>";
		};
		C41193BE29D281BF003DBC15 /* Sources */ = {
			isa = PBXGroup;
			children = (
				C41193BF29D281E6003DBC15 /* App */,
			);
			path = Sources;
			sourceTree = "<group>";
		};
		C41193BF29D281E6003DBC15 /* App */ = {
			isa = PBXGroup;
			children = (
				C411938D29D2817C003DBC15 /* AppDelegate.swift */,
				C411938F29D2817C003DBC15 /* SceneDelegate.swift */,
			);
			path = App;
			sourceTree = "<group>";
		};
		C41193C029D281F2003DBC15 /* ViewController */ = {
			isa = PBXGroup;
			children = (
				C411939129D2817C003DBC15 /* ViewController.swift */,
			);
			path = ViewController;
			sourceTree = "<group>";
		};
		C41193C229D28318003DBC15 /* Info */ = {
			isa = PBXGroup;
			children = (
				C411939B29D2817E003DBC15 /* Info.plist */,
			);
			path = Info;
			sourceTree = "<group>";
		};
		C41193C329D28334003DBC15 /* Assets */ = {
			isa = PBXGroup;
			children = (
				C41193C529D2838E003DBC15 /* Color.xcassets */,
				C41193C429D2838D003DBC15 /* Icon.xcassets */,
				C411939629D2817E003DBC15 /* Assets.xcassets */,
			);
			path = Assets;
			sourceTree = "<group>";
		};
/* End PBXGroup section */

/* Begin PBXNativeTarget section */
		C411938929D2817C003DBC15 /* MMM */ = {
			isa = PBXNativeTarget;
			buildConfigurationList = C41193B429D2817F003DBC15 /* Build configuration list for PBXNativeTarget "MMM" */;
			buildPhases = (
				C411938629D2817C003DBC15 /* Sources */,
				C411938729D2817C003DBC15 /* Frameworks */,
				C411938829D2817C003DBC15 /* Resources */,
			);
			buildRules = (
			);
			dependencies = (
			);
			name = MMM;
			productName = MMM;
			productReference = C411938A29D2817C003DBC15 /* MMM.app */;
			productType = "com.apple.product-type.application";
		};
		C411939F29D2817F003DBC15 /* MMMTests */ = {
			isa = PBXNativeTarget;
			buildConfigurationList = C41193B729D2817F003DBC15 /* Build configuration list for PBXNativeTarget "MMMTests" */;
			buildPhases = (
				C411939C29D2817F003DBC15 /* Sources */,
				C411939D29D2817F003DBC15 /* Frameworks */,
				C411939E29D2817F003DBC15 /* Resources */,
			);
			buildRules = (
			);
			dependencies = (
				C41193A229D2817F003DBC15 /* PBXTargetDependency */,
			);
			name = MMMTests;
			productName = MMMTests;
			productReference = C41193A029D2817F003DBC15 /* MMMTests.xctest */;
			productType = "com.apple.product-type.bundle.unit-test";
		};
		C41193A929D2817F003DBC15 /* MMMUITests */ = {
			isa = PBXNativeTarget;
			buildConfigurationList = C41193BA29D2817F003DBC15 /* Build configuration list for PBXNativeTarget "MMMUITests" */;
			buildPhases = (
				C41193A629D2817F003DBC15 /* Sources */,
				C41193A729D2817F003DBC15 /* Frameworks */,
				C41193A829D2817F003DBC15 /* Resources */,
			);
			buildRules = (
			);
			dependencies = (
				C41193AC29D2817F003DBC15 /* PBXTargetDependency */,
			);
			name = MMMUITests;
			productName = MMMUITests;
			productReference = C41193AA29D2817F003DBC15 /* MMMUITests.xctest */;
			productType = "com.apple.product-type.bundle.ui-testing";
		};
/* End PBXNativeTarget section */

/* Begin PBXProject section */
		C411938229D2817C003DBC15 /* Project object */ = {
			isa = PBXProject;
			attributes = {
				BuildIndependentTargetsInParallel = 1;
				LastSwiftUpdateCheck = 1420;
				LastUpgradeCheck = 1420;
				TargetAttributes = {
					C411938929D2817C003DBC15 = {
						CreatedOnToolsVersion = 14.2;
					};
					C411939F29D2817F003DBC15 = {
						CreatedOnToolsVersion = 14.2;
						TestTargetID = C411938929D2817C003DBC15;
					};
					C41193A929D2817F003DBC15 = {
						CreatedOnToolsVersion = 14.2;
						TestTargetID = C411938929D2817C003DBC15;
					};
				};
			};
			buildConfigurationList = C411938529D2817C003DBC15 /* Build configuration list for PBXProject "MMM" */;
			compatibilityVersion = "Xcode 14.0";
			developmentRegion = en;
			hasScannedForEncodings = 0;
			knownRegions = (
				en,
				Base,
			);
			mainGroup = C411938129D2817C003DBC15;
			productRefGroup = C411938B29D2817C003DBC15 /* Products */;
			projectDirPath = "";
			projectRoot = "";
			targets = (
				C411938929D2817C003DBC15 /* MMM */,
				C411939F29D2817F003DBC15 /* MMMTests */,
				C41193A929D2817F003DBC15 /* MMMUITests */,
			);
		};
/* End PBXProject section */

/* Begin PBXResourcesBuildPhase section */
		C411938829D2817C003DBC15 /* Resources */ = {
			isa = PBXResourcesBuildPhase;
			buildActionMask = 2147483647;
			files = (
				C41193C629D2838E003DBC15 /* Icon.xcassets in Resources */,
				C41193C729D2838E003DBC15 /* Color.xcassets in Resources */,
				C411939A29D2817E003DBC15 /* LaunchScreen.storyboard in Resources */,
				C411939729D2817E003DBC15 /* Assets.xcassets in Resources */,
			);
			runOnlyForDeploymentPostprocessing = 0;
		};
		C411939E29D2817F003DBC15 /* Resources */ = {
			isa = PBXResourcesBuildPhase;
			buildActionMask = 2147483647;
			files = (
			);
			runOnlyForDeploymentPostprocessing = 0;
		};
		C41193A829D2817F003DBC15 /* Resources */ = {
			isa = PBXResourcesBuildPhase;
			buildActionMask = 2147483647;
			files = (
			);
			runOnlyForDeploymentPostprocessing = 0;
		};
/* End PBXResourcesBuildPhase section */

/* Begin PBXSourcesBuildPhase section */
		C411938629D2817C003DBC15 /* Sources */ = {
			isa = PBXSourcesBuildPhase;
			buildActionMask = 2147483647;
			files = (
				C411939229D2817C003DBC15 /* ViewController.swift in Sources */,
				C411938E29D2817C003DBC15 /* AppDelegate.swift in Sources */,
				C411939029D2817C003DBC15 /* SceneDelegate.swift in Sources */,
			);
			runOnlyForDeploymentPostprocessing = 0;
		};
		C411939C29D2817F003DBC15 /* Sources */ = {
			isa = PBXSourcesBuildPhase;
			buildActionMask = 2147483647;
			files = (
				C41193A529D2817F003DBC15 /* MMMTests.swift in Sources */,
			);
			runOnlyForDeploymentPostprocessing = 0;
		};
		C41193A629D2817F003DBC15 /* Sources */ = {
			isa = PBXSourcesBuildPhase;
			buildActionMask = 2147483647;
			files = (
				C41193B129D2817F003DBC15 /* MMMUITestsLaunchTests.swift in Sources */,
				C41193AF29D2817F003DBC15 /* MMMUITests.swift in Sources */,
			);
			runOnlyForDeploymentPostprocessing = 0;
		};
/* End PBXSourcesBuildPhase section */

/* Begin PBXTargetDependency section */
		C41193A229D2817F003DBC15 /* PBXTargetDependency */ = {
			isa = PBXTargetDependency;
			target = C411938929D2817C003DBC15 /* MMM */;
			targetProxy = C41193A129D2817F003DBC15 /* PBXContainerItemProxy */;
		};
		C41193AC29D2817F003DBC15 /* PBXTargetDependency */ = {
			isa = PBXTargetDependency;
			target = C411938929D2817C003DBC15 /* MMM */;
			targetProxy = C41193AB29D2817F003DBC15 /* PBXContainerItemProxy */;
		};
/* End PBXTargetDependency section */

/* Begin PBXVariantGroup section */
		C411939829D2817E003DBC15 /* LaunchScreen.storyboard */ = {
			isa = PBXVariantGroup;
			children = (
				C411939929D2817E003DBC15 /* Base */,
			);
			name = LaunchScreen.storyboard;
			sourceTree = "<group>";
		};
/* End PBXVariantGroup section */

/* Begin XCBuildConfiguration section */
		C41193B229D2817F003DBC15 /* Debug */ = {
			isa = XCBuildConfiguration;
			buildSettings = {
				ALWAYS_SEARCH_USER_PATHS = NO;
				CLANG_ANALYZER_NONNULL = YES;
				CLANG_ANALYZER_NUMBER_OBJECT_CONVERSION = YES_AGGRESSIVE;
				CLANG_CXX_LANGUAGE_STANDARD = "gnu++20";
				CLANG_ENABLE_MODULES = YES;
				CLANG_ENABLE_OBJC_ARC = YES;
				CLANG_ENABLE_OBJC_WEAK = YES;
				CLANG_WARN_BLOCK_CAPTURE_AUTORELEASING = YES;
				CLANG_WARN_BOOL_CONVERSION = YES;
				CLANG_WARN_COMMA = YES;
				CLANG_WARN_CONSTANT_CONVERSION = YES;
				CLANG_WARN_DEPRECATED_OBJC_IMPLEMENTATIONS = YES;
				CLANG_WARN_DIRECT_OBJC_ISA_USAGE = YES_ERROR;
				CLANG_WARN_DOCUMENTATION_COMMENTS = YES;
				CLANG_WARN_EMPTY_BODY = YES;
				CLANG_WARN_ENUM_CONVERSION = YES;
				CLANG_WARN_INFINITE_RECURSION = YES;
				CLANG_WARN_INT_CONVERSION = YES;
				CLANG_WARN_NON_LITERAL_NULL_CONVERSION = YES;
				CLANG_WARN_OBJC_IMPLICIT_RETAIN_SELF = YES;
				CLANG_WARN_OBJC_LITERAL_CONVERSION = YES;
				CLANG_WARN_OBJC_ROOT_CLASS = YES_ERROR;
				CLANG_WARN_QUOTED_INCLUDE_IN_FRAMEWORK_HEADER = YES;
				CLANG_WARN_RANGE_LOOP_ANALYSIS = YES;
				CLANG_WARN_STRICT_PROTOTYPES = YES;
				CLANG_WARN_SUSPICIOUS_MOVE = YES;
				CLANG_WARN_UNGUARDED_AVAILABILITY = YES_AGGRESSIVE;
				CLANG_WARN_UNREACHABLE_CODE = YES;
				CLANG_WARN__DUPLICATE_METHOD_MATCH = YES;
				COPY_PHASE_STRIP = NO;
				DEBUG_INFORMATION_FORMAT = dwarf;
				ENABLE_STRICT_OBJC_MSGSEND = YES;
				ENABLE_TESTABILITY = YES;
				GCC_C_LANGUAGE_STANDARD = gnu11;
				GCC_DYNAMIC_NO_PIC = NO;
				GCC_NO_COMMON_BLOCKS = YES;
				GCC_OPTIMIZATION_LEVEL = 0;
				GCC_PREPROCESSOR_DEFINITIONS = (
					"DEBUG=1",
					"$(inherited)",
				);
				GCC_WARN_64_TO_32_BIT_CONVERSION = YES;
				GCC_WARN_ABOUT_RETURN_TYPE = YES_ERROR;
				GCC_WARN_UNDECLARED_SELECTOR = YES;
				GCC_WARN_UNINITIALIZED_AUTOS = YES_AGGRESSIVE;
				GCC_WARN_UNUSED_FUNCTION = YES;
				GCC_WARN_UNUSED_VARIABLE = YES;
				IPHONEOS_DEPLOYMENT_TARGET = 16.2;
				MTL_ENABLE_DEBUG_INFO = INCLUDE_SOURCE;
				MTL_FAST_MATH = YES;
				ONLY_ACTIVE_ARCH = YES;
				SDKROOT = iphoneos;
				SWIFT_ACTIVE_COMPILATION_CONDITIONS = DEBUG;
				SWIFT_OPTIMIZATION_LEVEL = "-Onone";
			};
			name = Debug;
		};
		C41193B329D2817F003DBC15 /* Release */ = {
			isa = XCBuildConfiguration;
			buildSettings = {
				ALWAYS_SEARCH_USER_PATHS = NO;
				CLANG_ANALYZER_NONNULL = YES;
				CLANG_ANALYZER_NUMBER_OBJECT_CONVERSION = YES_AGGRESSIVE;
				CLANG_CXX_LANGUAGE_STANDARD = "gnu++20";
				CLANG_ENABLE_MODULES = YES;
				CLANG_ENABLE_OBJC_ARC = YES;
				CLANG_ENABLE_OBJC_WEAK = YES;
				CLANG_WARN_BLOCK_CAPTURE_AUTORELEASING = YES;
				CLANG_WARN_BOOL_CONVERSION = YES;
				CLANG_WARN_COMMA = YES;
				CLANG_WARN_CONSTANT_CONVERSION = YES;
				CLANG_WARN_DEPRECATED_OBJC_IMPLEMENTATIONS = YES;
				CLANG_WARN_DIRECT_OBJC_ISA_USAGE = YES_ERROR;
				CLANG_WARN_DOCUMENTATION_COMMENTS = YES;
				CLANG_WARN_EMPTY_BODY = YES;
				CLANG_WARN_ENUM_CONVERSION = YES;
				CLANG_WARN_INFINITE_RECURSION = YES;
				CLANG_WARN_INT_CONVERSION = YES;
				CLANG_WARN_NON_LITERAL_NULL_CONVERSION = YES;
				CLANG_WARN_OBJC_IMPLICIT_RETAIN_SELF = YES;
				CLANG_WARN_OBJC_LITERAL_CONVERSION = YES;
				CLANG_WARN_OBJC_ROOT_CLASS = YES_ERROR;
				CLANG_WARN_QUOTED_INCLUDE_IN_FRAMEWORK_HEADER = YES;
				CLANG_WARN_RANGE_LOOP_ANALYSIS = YES;
				CLANG_WARN_STRICT_PROTOTYPES = YES;
				CLANG_WARN_SUSPICIOUS_MOVE = YES;
				CLANG_WARN_UNGUARDED_AVAILABILITY = YES_AGGRESSIVE;
				CLANG_WARN_UNREACHABLE_CODE = YES;
				CLANG_WARN__DUPLICATE_METHOD_MATCH = YES;
				COPY_PHASE_STRIP = NO;
				DEBUG_INFORMATION_FORMAT = "dwarf-with-dsym";
				ENABLE_NS_ASSERTIONS = NO;
				ENABLE_STRICT_OBJC_MSGSEND = YES;
				GCC_C_LANGUAGE_STANDARD = gnu11;
				GCC_NO_COMMON_BLOCKS = YES;
				GCC_WARN_64_TO_32_BIT_CONVERSION = YES;
				GCC_WARN_ABOUT_RETURN_TYPE = YES_ERROR;
				GCC_WARN_UNDECLARED_SELECTOR = YES;
				GCC_WARN_UNINITIALIZED_AUTOS = YES_AGGRESSIVE;
				GCC_WARN_UNUSED_FUNCTION = YES;
				GCC_WARN_UNUSED_VARIABLE = YES;
				IPHONEOS_DEPLOYMENT_TARGET = 16.2;
				MTL_ENABLE_DEBUG_INFO = NO;
				MTL_FAST_MATH = YES;
				SDKROOT = iphoneos;
				SWIFT_COMPILATION_MODE = wholemodule;
				SWIFT_OPTIMIZATION_LEVEL = "-O";
				VALIDATE_PRODUCT = YES;
			};
			name = Release;
		};
		C41193B529D2817F003DBC15 /* Debug */ = {
			isa = XCBuildConfiguration;
			buildSettings = {
				ASSETCATALOG_COMPILER_APPICON_NAME = AppIcon;
				ASSETCATALOG_COMPILER_GLOBAL_ACCENT_COLOR_NAME = AccentColor;
				CODE_SIGN_STYLE = Automatic;
				CURRENT_PROJECT_VERSION = 1;
				GENERATE_INFOPLIST_FILE = YES;
				INFOPLIST_FILE = MMM/Resources/Info/Info.plist;
				INFOPLIST_KEY_UIApplicationSupportsIndirectInputEvents = YES;
				INFOPLIST_KEY_UILaunchStoryboardName = LaunchScreen;
				INFOPLIST_KEY_UISupportedInterfaceOrientations_iPad = "UIInterfaceOrientationPortrait UIInterfaceOrientationPortraitUpsideDown UIInterfaceOrientationLandscapeLeft UIInterfaceOrientationLandscapeRight";
				INFOPLIST_KEY_UISupportedInterfaceOrientations_iPhone = "UIInterfaceOrientationPortrait UIInterfaceOrientationLandscapeLeft UIInterfaceOrientationLandscapeRight";
				IPHONEOS_DEPLOYMENT_TARGET = 14.0;
				LD_RUNPATH_SEARCH_PATHS = (
					"$(inherited)",
					"@executable_path/Frameworks",
				);
				MARKETING_VERSION = 1.0;
				PRODUCT_BUNDLE_IDENTIFIER = lionlike.project.MMM.MMM;
				PRODUCT_NAME = "$(TARGET_NAME)";
				SUPPORTED_PLATFORMS = "iphoneos iphonesimulator";
				SUPPORTS_MACCATALYST = NO;
				SUPPORTS_MAC_DESIGNED_FOR_IPHONE_IPAD = NO;
				SWIFT_EMIT_LOC_STRINGS = YES;
				SWIFT_VERSION = 5.0;
				TARGETED_DEVICE_FAMILY = 1;
			};
			name = Debug;
		};
		C41193B629D2817F003DBC15 /* Release */ = {
			isa = XCBuildConfiguration;
			buildSettings = {
				ASSETCATALOG_COMPILER_APPICON_NAME = AppIcon;
				ASSETCATALOG_COMPILER_GLOBAL_ACCENT_COLOR_NAME = AccentColor;
				CODE_SIGN_STYLE = Automatic;
				CURRENT_PROJECT_VERSION = 1;
				GENERATE_INFOPLIST_FILE = YES;
				INFOPLIST_FILE = MMM/Resources/Info/Info.plist;
				INFOPLIST_KEY_UIApplicationSupportsIndirectInputEvents = YES;
				INFOPLIST_KEY_UILaunchStoryboardName = LaunchScreen;
				INFOPLIST_KEY_UISupportedInterfaceOrientations_iPad = "UIInterfaceOrientationPortrait UIInterfaceOrientationPortraitUpsideDown UIInterfaceOrientationLandscapeLeft UIInterfaceOrientationLandscapeRight";
				INFOPLIST_KEY_UISupportedInterfaceOrientations_iPhone = "UIInterfaceOrientationPortrait UIInterfaceOrientationLandscapeLeft UIInterfaceOrientationLandscapeRight";
				IPHONEOS_DEPLOYMENT_TARGET = 14.0;
				LD_RUNPATH_SEARCH_PATHS = (
					"$(inherited)",
					"@executable_path/Frameworks",
				);
				MARKETING_VERSION = 1.0;
				PRODUCT_BUNDLE_IDENTIFIER = lionlike.project.MMM.MMM;
				PRODUCT_NAME = "$(TARGET_NAME)";
				SUPPORTED_PLATFORMS = "iphoneos iphonesimulator";
				SUPPORTS_MACCATALYST = NO;
				SUPPORTS_MAC_DESIGNED_FOR_IPHONE_IPAD = NO;
				SWIFT_EMIT_LOC_STRINGS = YES;
				SWIFT_VERSION = 5.0;
				TARGETED_DEVICE_FAMILY = 1;
			};
			name = Release;
		};
		C41193B829D2817F003DBC15 /* Debug */ = {
			isa = XCBuildConfiguration;
			buildSettings = {
				ALWAYS_EMBED_SWIFT_STANDARD_LIBRARIES = YES;
				BUNDLE_LOADER = "$(TEST_HOST)";
				CODE_SIGN_STYLE = Automatic;
				CURRENT_PROJECT_VERSION = 1;
				GENERATE_INFOPLIST_FILE = YES;
				IPHONEOS_DEPLOYMENT_TARGET = 16.2;
				MARKETING_VERSION = 1.0;
				PRODUCT_BUNDLE_IDENTIFIER = lionlike.project.MMM.MMMTests;
				PRODUCT_NAME = "$(TARGET_NAME)";
				SWIFT_EMIT_LOC_STRINGS = NO;
				SWIFT_VERSION = 5.0;
				TARGETED_DEVICE_FAMILY = "1,2";
				TEST_HOST = "$(BUILT_PRODUCTS_DIR)/MMM.app/$(BUNDLE_EXECUTABLE_FOLDER_PATH)/MMM";
			};
			name = Debug;
		};
		C41193B929D2817F003DBC15 /* Release */ = {
			isa = XCBuildConfiguration;
			buildSettings = {
				ALWAYS_EMBED_SWIFT_STANDARD_LIBRARIES = YES;
				BUNDLE_LOADER = "$(TEST_HOST)";
				CODE_SIGN_STYLE = Automatic;
				CURRENT_PROJECT_VERSION = 1;
				GENERATE_INFOPLIST_FILE = YES;
				IPHONEOS_DEPLOYMENT_TARGET = 16.2;
				MARKETING_VERSION = 1.0;
				PRODUCT_BUNDLE_IDENTIFIER = lionlike.project.MMM.MMMTests;
				PRODUCT_NAME = "$(TARGET_NAME)";
				SWIFT_EMIT_LOC_STRINGS = NO;
				SWIFT_VERSION = 5.0;
				TARGETED_DEVICE_FAMILY = "1,2";
				TEST_HOST = "$(BUILT_PRODUCTS_DIR)/MMM.app/$(BUNDLE_EXECUTABLE_FOLDER_PATH)/MMM";
			};
			name = Release;
		};
		C41193BB29D2817F003DBC15 /* Debug */ = {
			isa = XCBuildConfiguration;
			buildSettings = {
				ALWAYS_EMBED_SWIFT_STANDARD_LIBRARIES = YES;
				CODE_SIGN_STYLE = Automatic;
				CURRENT_PROJECT_VERSION = 1;
				GENERATE_INFOPLIST_FILE = YES;
				MARKETING_VERSION = 1.0;
				PRODUCT_BUNDLE_IDENTIFIER = lionlike.project.MMM.MMMUITests;
				PRODUCT_NAME = "$(TARGET_NAME)";
				SWIFT_EMIT_LOC_STRINGS = NO;
				SWIFT_VERSION = 5.0;
				TARGETED_DEVICE_FAMILY = "1,2";
				TEST_TARGET_NAME = MMM;
			};
			name = Debug;
		};
		C41193BC29D2817F003DBC15 /* Release */ = {
			isa = XCBuildConfiguration;
			buildSettings = {
				ALWAYS_EMBED_SWIFT_STANDARD_LIBRARIES = YES;
				CODE_SIGN_STYLE = Automatic;
				CURRENT_PROJECT_VERSION = 1;
				GENERATE_INFOPLIST_FILE = YES;
				MARKETING_VERSION = 1.0;
				PRODUCT_BUNDLE_IDENTIFIER = lionlike.project.MMM.MMMUITests;
				PRODUCT_NAME = "$(TARGET_NAME)";
				SWIFT_EMIT_LOC_STRINGS = NO;
				SWIFT_VERSION = 5.0;
				TARGETED_DEVICE_FAMILY = "1,2";
				TEST_TARGET_NAME = MMM;
			};
			name = Release;
		};
/* End XCBuildConfiguration section */

/* Begin XCConfigurationList section */
		C411938529D2817C003DBC15 /* Build configuration list for PBXProject "MMM" */ = {
			isa = XCConfigurationList;
			buildConfigurations = (
				C41193B229D2817F003DBC15 /* Debug */,
				C41193B329D2817F003DBC15 /* Release */,
			);
			defaultConfigurationIsVisible = 0;
			defaultConfigurationName = Release;
		};
		C41193B429D2817F003DBC15 /* Build configuration list for PBXNativeTarget "MMM" */ = {
			isa = XCConfigurationList;
			buildConfigurations = (
				C41193B529D2817F003DBC15 /* Debug */,
				C41193B629D2817F003DBC15 /* Release */,
			);
			defaultConfigurationIsVisible = 0;
			defaultConfigurationName = Release;
		};
		C41193B729D2817F003DBC15 /* Build configuration list for PBXNativeTarget "MMMTests" */ = {
			isa = XCConfigurationList;
			buildConfigurations = (
				C41193B829D2817F003DBC15 /* Debug */,
				C41193B929D2817F003DBC15 /* Release */,
			);
			defaultConfigurationIsVisible = 0;
			defaultConfigurationName = Release;
		};
		C41193BA29D2817F003DBC15 /* Build configuration list for PBXNativeTarget "MMMUITests" */ = {
			isa = XCConfigurationList;
			buildConfigurations = (
				C41193BB29D2817F003DBC15 /* Debug */,
				C41193BC29D2817F003DBC15 /* Release */,
			);
			defaultConfigurationIsVisible = 0;
			defaultConfigurationName = Release;
		};
/* End XCConfigurationList section */
	};
	rootObject = C411938229D2817C003DBC15 /* Project object */;
}
