// !$*UTF8*$!
{
	archiveVersion = 1;
	classes = {
	};
	objectVersion = 56;
	objects = {

/* Begin PBXBuildFile section */
		003B832595A61A7EA6CCC014 /* Pods_MMM.framework in Frameworks */ = {isa = PBXBuildFile; fileRef = A564931308C77DE145181BBF /* Pods_MMM.framework */; };
		62AC9C989058B479AA52D81F /* Pods_MMMTests.framework in Frameworks */ = {isa = PBXBuildFile; fileRef = 2BC1A763E0587F6517C3A5E7 /* Pods_MMMTests.framework */; };
		6A08B47629FF5B150080719E /* APIRouter.swift in Sources */ = {isa = PBXBuildFile; fileRef = 6A08B47529FF5B150080719E /* APIRouter.swift */; };
		6A08B47829FF5C7E0080719E /* APIParameters.swift in Sources */ = {isa = PBXBuildFile; fileRef = 6A08B47729FF5C7E0080719E /* APIParameters.swift */; };
		6A08B47A29FF5CA90080719E /* APIClient.swift in Sources */ = {isa = PBXBuildFile; fileRef = 6A08B47929FF5CA90080719E /* APIClient.swift */; };
		6A08B47D29FF5D530080719E /* Log.swift in Sources */ = {isa = PBXBuildFile; fileRef = 6A08B47C29FF5D530080719E /* Log.swift */; };
		6A08B48029FF74B70080719E /* Ex+Encodable.swift in Sources */ = {isa = PBXBuildFile; fileRef = 6A08B47F29FF74B70080719E /* Ex+Encodable.swift */; };
		6A0D108229D3CF1B009D6DCA /* OnboardingViewController.swift in Sources */ = {isa = PBXBuildFile; fileRef = 6A0D108129D3CF1B009D6DCA /* OnboardingViewController.swift */; };
		6A0D108529D3D209009D6DCA /* OnboardingView.swift in Sources */ = {isa = PBXBuildFile; fileRef = 6A0D108429D3D209009D6DCA /* OnboardingView.swift */; };
		6A0F234029DBA8AA0063673B /* DataExportViewController.swift in Sources */ = {isa = PBXBuildFile; fileRef = 6A0F233F29DBA8AA0063673B /* DataExportViewController.swift */; };
		6A0F234229DBA92D0063673B /* ServiceViewController.swift in Sources */ = {isa = PBXBuildFile; fileRef = 6A0F234129DBA92D0063673B /* ServiceViewController.swift */; };
		6A0F234429DBC0C30063673B /* BaseViewController.swift in Sources */ = {isa = PBXBuildFile; fileRef = 6A0F234329DBC0C30063673B /* BaseViewController.swift */; };
		6A0F234729DC0DB20063673B /* TabBarController.swift in Sources */ = {isa = PBXBuildFile; fileRef = 6A0F234629DC0DB20063673B /* TabBarController.swift */; };
		6A12144729FA0C300076848A /* AppleLoginResDto.swift in Sources */ = {isa = PBXBuildFile; fileRef = 6A12144629FA0C300076848A /* AppleLoginResDto.swift */; };
		6A12144929FA0FB50076848A /* Constants.swift in Sources */ = {isa = PBXBuildFile; fileRef = 6A12144829FA0FB50076848A /* Constants.swift */; };
		6A1880C929EF85BC00D62F1A /* TabItem.swift in Sources */ = {isa = PBXBuildFile; fileRef = 6A1880C829EF85BB00D62F1A /* TabItem.swift */; };
		6A1880CB29EF85EA00D62F1A /* OnboardingItem.swift in Sources */ = {isa = PBXBuildFile; fileRef = 6A1880CA29EF85EA00D62F1A /* OnboardingItem.swift */; };
		6A1BAD4529E6550100818086 /* OnboardingViewModel.swift in Sources */ = {isa = PBXBuildFile; fileRef = 6A1BAD4429E6550100818086 /* OnboardingViewModel.swift */; };
		6A381E0A29E8F40700E0974F /* AddViewController.swift in Sources */ = {isa = PBXBuildFile; fileRef = 6A381E0929E8F40700E0974F /* AddViewController.swift */; };
		6A7DE6B729F77010009354EF /* APIConstants.swift in Sources */ = {isa = PBXBuildFile; fileRef = 6A7DE6B629F77010009354EF /* APIConstants.swift */; };
		6AB1150F29EE372F00D3B813 /* CustomTabBar.swift in Sources */ = {isa = PBXBuildFile; fileRef = 6AB1150E29EE372F00D3B813 /* CustomTabBar.swift */; };
		6AB1151329EE6D9E00D3B813 /* Ex_UITabBar.swift in Sources */ = {isa = PBXBuildFile; fileRef = 6AB1151229EE6D9E00D3B813 /* Ex_UITabBar.swift */; };
		C411938E29D2817C003DBC15 /* AppDelegate.swift in Sources */ = {isa = PBXBuildFile; fileRef = C411938D29D2817C003DBC15 /* AppDelegate.swift */; };
		C411939029D2817C003DBC15 /* SceneDelegate.swift in Sources */ = {isa = PBXBuildFile; fileRef = C411938F29D2817C003DBC15 /* SceneDelegate.swift */; };
		C411939229D2817C003DBC15 /* ProfileViewController.swift in Sources */ = {isa = PBXBuildFile; fileRef = C411939129D2817C003DBC15 /* ProfileViewController.swift */; };
		C411939729D2817E003DBC15 /* Assets.xcassets in Resources */ = {isa = PBXBuildFile; fileRef = C411939629D2817E003DBC15 /* Assets.xcassets */; };
		C411939A29D2817E003DBC15 /* LaunchScreen.storyboard in Resources */ = {isa = PBXBuildFile; fileRef = C411939829D2817E003DBC15 /* LaunchScreen.storyboard */; };
		C41193A529D2817F003DBC15 /* MMMTests.swift in Sources */ = {isa = PBXBuildFile; fileRef = C41193A429D2817F003DBC15 /* MMMTests.swift */; };
		C41193AF29D2817F003DBC15 /* MMMUITests.swift in Sources */ = {isa = PBXBuildFile; fileRef = C41193AE29D2817F003DBC15 /* MMMUITests.swift */; };
		C41193B129D2817F003DBC15 /* MMMUITestsLaunchTests.swift in Sources */ = {isa = PBXBuildFile; fileRef = C41193B029D2817F003DBC15 /* MMMUITestsLaunchTests.swift */; };
		C41193C629D2838E003DBC15 /* Icon.xcassets in Resources */ = {isa = PBXBuildFile; fileRef = C41193C429D2838D003DBC15 /* Icon.xcassets */; };
		C41193C729D2838E003DBC15 /* Color.xcassets in Resources */ = {isa = PBXBuildFile; fileRef = C41193C529D2838E003DBC15 /* Color.xcassets */; };
		C41193D329D2874A003DBC15 /* Pretendard-Regular.otf in Resources */ = {isa = PBXBuildFile; fileRef = C41193CA29D2874A003DBC15 /* Pretendard-Regular.otf */; };
		C41193D429D2874A003DBC15 /* Pretendard-Black.otf in Resources */ = {isa = PBXBuildFile; fileRef = C41193CB29D2874A003DBC15 /* Pretendard-Black.otf */; };
		C41193D529D2874A003DBC15 /* Pretendard-Medium.otf in Resources */ = {isa = PBXBuildFile; fileRef = C41193CC29D2874A003DBC15 /* Pretendard-Medium.otf */; };
		C41193D629D2874A003DBC15 /* Pretendard-Light.otf in Resources */ = {isa = PBXBuildFile; fileRef = C41193CD29D2874A003DBC15 /* Pretendard-Light.otf */; };
		C41193D729D2874A003DBC15 /* Pretendard-ExtraBold.otf in Resources */ = {isa = PBXBuildFile; fileRef = C41193CE29D2874A003DBC15 /* Pretendard-ExtraBold.otf */; };
		C41193D829D2874A003DBC15 /* Pretendard-Bold.otf in Resources */ = {isa = PBXBuildFile; fileRef = C41193CF29D2874A003DBC15 /* Pretendard-Bold.otf */; };
		C41193D929D2874A003DBC15 /* Pretendard-Thin.otf in Resources */ = {isa = PBXBuildFile; fileRef = C41193D029D2874A003DBC15 /* Pretendard-Thin.otf */; };
		C41193DA29D2874A003DBC15 /* Pretendard-ExtraLight.otf in Resources */ = {isa = PBXBuildFile; fileRef = C41193D129D2874A003DBC15 /* Pretendard-ExtraLight.otf */; };
		C41193DB29D2874A003DBC15 /* Pretendard-SemiBold.otf in Resources */ = {isa = PBXBuildFile; fileRef = C41193D229D2874A003DBC15 /* Pretendard-SemiBold.otf */; };
		C41193E329D287E6003DBC15 /* Ex+KeychainWrapper.swift in Sources */ = {isa = PBXBuildFile; fileRef = C41193DD29D287E6003DBC15 /* Ex+KeychainWrapper.swift */; };
		C41193E429D287E6003DBC15 /* Ex+Font.swift in Sources */ = {isa = PBXBuildFile; fileRef = C41193DE29D287E6003DBC15 /* Ex+Font.swift */; };
		C41193E529D287E6003DBC15 /* Ex+UIDevice.swift in Sources */ = {isa = PBXBuildFile; fileRef = C41193DF29D287E6003DBC15 /* Ex+UIDevice.swift */; };
		C41193E629D287E6003DBC15 /* Ex+Color.swift in Sources */ = {isa = PBXBuildFile; fileRef = C41193E029D287E6003DBC15 /* Ex+Color.swift */; };
		C41193E729D287E6003DBC15 /* Ex+Icon.swift in Sources */ = {isa = PBXBuildFile; fileRef = C41193E129D287E6003DBC15 /* Ex+Icon.swift */; };
		C41193E829D287E6003DBC15 /* Ex+View.swift in Sources */ = {isa = PBXBuildFile; fileRef = C41193E229D287E6003DBC15 /* Ex+View.swift */; };
		C41193EA29D2D7FE003DBC15 /* MMMResource.swift in Sources */ = {isa = PBXBuildFile; fileRef = C41193E929D2D7FE003DBC15 /* MMMResource.swift */; };
		C41193F329D3AED5003DBC15 /* ProfileView.swift in Sources */ = {isa = PBXBuildFile; fileRef = C41193F229D3AED5003DBC15 /* ProfileView.swift */; };
		C41193F529D3D7FB003DBC15 /* Ex+NSObject.swift in Sources */ = {isa = PBXBuildFile; fileRef = C41193F429D3D7FB003DBC15 /* Ex+NSObject.swift */; };
		C41193F729D3D954003DBC15 /* Ex+UITableView.swift in Sources */ = {isa = PBXBuildFile; fileRef = C41193F629D3D954003DBC15 /* Ex+UITableView.swift */; };
		C41193F929D3DD9A003DBC15 /* ProfileTableViewCell.swift in Sources */ = {isa = PBXBuildFile; fileRef = C41193F829D3DD9A003DBC15 /* ProfileTableViewCell.swift */; };
		C41193FD29D42BD9003DBC15 /* ProfileFooterView.swift in Sources */ = {isa = PBXBuildFile; fileRef = C41193FC29D42BD9003DBC15 /* ProfileFooterView.swift */; };
		C411940429D53DDF003DBC15 /* ManagementViewController.swift in Sources */ = {isa = PBXBuildFile; fileRef = C411940329D53DDF003DBC15 /* ManagementViewController.swift */; };
		C411940729D53EA0003DBC15 /* NavigationController.swift in Sources */ = {isa = PBXBuildFile; fileRef = C411940629D53EA0003DBC15 /* NavigationController.swift */; };
		C411940B29DAEDF9003DBC15 /* CustomAlertViewController.swift in Sources */ = {isa = PBXBuildFile; fileRef = C411940A29DAEDF9003DBC15 /* CustomAlertViewController.swift */; };
		C4199DD329FE3051006E5DA8 /* BottomSheetViewController.swift in Sources */ = {isa = PBXBuildFile; fileRef = C4199DD229FE3051006E5DA8 /* BottomSheetViewController.swift */; };
		C4199DD929FE6BE1006E5DA8 /* DatePickerViewController.swift in Sources */ = {isa = PBXBuildFile; fileRef = C4199DD829FE6BE1006E5DA8 /* DatePickerViewController.swift */; };
		C433A06D29EE53BB008B26DF /* HomeTableViewCell.swift in Sources */ = {isa = PBXBuildFile; fileRef = C433A06C29EE53BB008B26DF /* HomeTableViewCell.swift */; };
		C433A07129EE5516008B26DF /* Calendar.swift in Sources */ = {isa = PBXBuildFile; fileRef = C433A07029EE5516008B26DF /* Calendar.swift */; };
		C433A07329EEE751008B26DF /* Ex+Date.swift in Sources */ = {isa = PBXBuildFile; fileRef = C433A07229EEE751008B26DF /* Ex+Date.swift */; };
		C44807DE29E4FE8000D4B090 /* Ex+Publisher.swift in Sources */ = {isa = PBXBuildFile; fileRef = C44807DD29E4FE8000D4B090 /* Ex+Publisher.swift */; };
		C44807E129E648D300D4B090 /* HomeViewController.swift in Sources */ = {isa = PBXBuildFile; fileRef = C44807E029E648D300D4B090 /* HomeViewController.swift */; };
		C44807E329E649A300D4B090 /* HomeViewModel.swift in Sources */ = {isa = PBXBuildFile; fileRef = C44807E229E649A300D4B090 /* HomeViewModel.swift */; };
		C44807E529E7E76800D4B090 /* Ex+UIControl.swift in Sources */ = {isa = PBXBuildFile; fileRef = C44807E429E7E76800D4B090 /* Ex+UIControl.swift */; };
		C4DBAA2C29DBCB8B00D1BB97 /* Ex+Button.swift in Sources */ = {isa = PBXBuildFile; fileRef = C4DBAA2B29DBCB8B00D1BB97 /* Ex+Button.swift */; };
		C4DBAA2E29DC16A400D1BB97 /* WithdrawViewController.swift in Sources */ = {isa = PBXBuildFile; fileRef = C4DBAA2D29DC16A400D1BB97 /* WithdrawViewController.swift */; };
		C4DBAA3029DD459100D1BB97 /* WithdrawConfirmView.swift in Sources */ = {isa = PBXBuildFile; fileRef = C4DBAA2F29DD459100D1BB97 /* WithdrawConfirmView.swift */; };
		C4DBAA3229DD763D00D1BB97 /* Ex+Int.swift in Sources */ = {isa = PBXBuildFile; fileRef = C4DBAA3129DD763D00D1BB97 /* Ex+Int.swift */; };
		C4DBAA3729DD7B2600D1BB97 /* CountPushLabel.swift in Sources */ = {isa = PBXBuildFile; fileRef = C4DBAA3629DD7B2600D1BB97 /* CountPushLabel.swift */; };
		C4DBAA3929DEAE0200D1BB97 /* CountAnimationStackView.swift in Sources */ = {isa = PBXBuildFile; fileRef = C4DBAA3829DEAE0200D1BB97 /* CountAnimationStackView.swift */; };
		C4EA5B4029FA1A40008D1564 /* HomeHeaderView.swift in Sources */ = {isa = PBXBuildFile; fileRef = C4EA5B3F29FA1A40008D1564 /* HomeHeaderView.swift */; };
		C4EA5B4229FA26E0008D1564 /* HomeHeaderStackView.swift in Sources */ = {isa = PBXBuildFile; fileRef = C4EA5B4129FA26E0008D1564 /* HomeHeaderStackView.swift */; };
		C4EA5B4429FA2810008D1564 /* UIStackView.swift in Sources */ = {isa = PBXBuildFile; fileRef = C4EA5B4329FA2810008D1564 /* UIStackView.swift */; };
		FF7FB61A0AC167F25EB6438F /* Pods_MMM_MMMUITests.framework in Frameworks */ = {isa = PBXBuildFile; fileRef = 738AB5686981CA1A28640207 /* Pods_MMM_MMMUITests.framework */; };
/* End PBXBuildFile section */

/* Begin PBXContainerItemProxy section */
		C41193A129D2817F003DBC15 /* PBXContainerItemProxy */ = {
			isa = PBXContainerItemProxy;
			containerPortal = C411938229D2817C003DBC15 /* Project object */;
			proxyType = 1;
			remoteGlobalIDString = C411938929D2817C003DBC15;
			remoteInfo = MMM;
		};
		C41193AB29D2817F003DBC15 /* PBXContainerItemProxy */ = {
			isa = PBXContainerItemProxy;
			containerPortal = C411938229D2817C003DBC15 /* Project object */;
			proxyType = 1;
			remoteGlobalIDString = C411938929D2817C003DBC15;
			remoteInfo = MMM;
		};
/* End PBXContainerItemProxy section */

/* Begin PBXFileReference section */
		0020DFFCCABA708243684054 /* Pods-MMM.release.xcconfig */ = {isa = PBXFileReference; includeInIndex = 1; lastKnownFileType = text.xcconfig; name = "Pods-MMM.release.xcconfig"; path = "Target Support Files/Pods-MMM/Pods-MMM.release.xcconfig"; sourceTree = "<group>"; };
		1E035A75D3A833AD01047796 /* Pods-MMMTests.debug.xcconfig */ = {isa = PBXFileReference; includeInIndex = 1; lastKnownFileType = text.xcconfig; name = "Pods-MMMTests.debug.xcconfig"; path = "Target Support Files/Pods-MMMTests/Pods-MMMTests.debug.xcconfig"; sourceTree = "<group>"; };
		2BC1A763E0587F6517C3A5E7 /* Pods_MMMTests.framework */ = {isa = PBXFileReference; explicitFileType = wrapper.framework; includeInIndex = 0; path = Pods_MMMTests.framework; sourceTree = BUILT_PRODUCTS_DIR; };
		58A4D4522CDE75108D91C22E /* Pods-MMM-MMMUITests.debug.xcconfig */ = {isa = PBXFileReference; includeInIndex = 1; lastKnownFileType = text.xcconfig; name = "Pods-MMM-MMMUITests.debug.xcconfig"; path = "Target Support Files/Pods-MMM-MMMUITests/Pods-MMM-MMMUITests.debug.xcconfig"; sourceTree = "<group>"; };
		6A08B47529FF5B150080719E /* APIRouter.swift */ = {isa = PBXFileReference; lastKnownFileType = sourcecode.swift; path = APIRouter.swift; sourceTree = "<group>"; };
		6A08B47729FF5C7E0080719E /* APIParameters.swift */ = {isa = PBXFileReference; lastKnownFileType = sourcecode.swift; path = APIParameters.swift; sourceTree = "<group>"; };
		6A08B47929FF5CA90080719E /* APIClient.swift */ = {isa = PBXFileReference; lastKnownFileType = sourcecode.swift; path = APIClient.swift; sourceTree = "<group>"; };
		6A08B47C29FF5D530080719E /* Log.swift */ = {isa = PBXFileReference; lastKnownFileType = sourcecode.swift; path = Log.swift; sourceTree = "<group>"; };
		6A08B47F29FF74B70080719E /* Ex+Encodable.swift */ = {isa = PBXFileReference; lastKnownFileType = sourcecode.swift; path = "Ex+Encodable.swift"; sourceTree = "<group>"; };
		6A0D108129D3CF1B009D6DCA /* OnboardingViewController.swift */ = {isa = PBXFileReference; lastKnownFileType = sourcecode.swift; path = OnboardingViewController.swift; sourceTree = "<group>"; };
		6A0D108429D3D209009D6DCA /* OnboardingView.swift */ = {isa = PBXFileReference; lastKnownFileType = sourcecode.swift; path = OnboardingView.swift; sourceTree = "<group>"; };
		6A0F233F29DBA8AA0063673B /* DataExportViewController.swift */ = {isa = PBXFileReference; lastKnownFileType = sourcecode.swift; path = DataExportViewController.swift; sourceTree = "<group>"; };
		6A0F234129DBA92D0063673B /* ServiceViewController.swift */ = {isa = PBXFileReference; lastKnownFileType = sourcecode.swift; path = ServiceViewController.swift; sourceTree = "<group>"; };
		6A0F234329DBC0C30063673B /* BaseViewController.swift */ = {isa = PBXFileReference; lastKnownFileType = sourcecode.swift; path = BaseViewController.swift; sourceTree = "<group>"; };
		6A0F234629DC0DB20063673B /* TabBarController.swift */ = {isa = PBXFileReference; lastKnownFileType = sourcecode.swift; path = TabBarController.swift; sourceTree = "<group>"; };
		6A12144629FA0C300076848A /* AppleLoginResDto.swift */ = {isa = PBXFileReference; lastKnownFileType = sourcecode.swift; path = AppleLoginResDto.swift; sourceTree = "<group>"; };
		6A12144829FA0FB50076848A /* Constants.swift */ = {isa = PBXFileReference; lastKnownFileType = sourcecode.swift; name = Constants.swift; path = ../../Sources/Services/Constants.swift; sourceTree = "<group>"; };
		6A1880C829EF85BB00D62F1A /* TabItem.swift */ = {isa = PBXFileReference; fileEncoding = 4; lastKnownFileType = sourcecode.swift; path = TabItem.swift; sourceTree = "<group>"; };
		6A1880CA29EF85EA00D62F1A /* OnboardingItem.swift */ = {isa = PBXFileReference; fileEncoding = 4; lastKnownFileType = sourcecode.swift; path = OnboardingItem.swift; sourceTree = "<group>"; };
		6A1BAD4429E6550100818086 /* OnboardingViewModel.swift */ = {isa = PBXFileReference; lastKnownFileType = sourcecode.swift; path = OnboardingViewModel.swift; sourceTree = "<group>"; };
		6A381E0929E8F40700E0974F /* AddViewController.swift */ = {isa = PBXFileReference; lastKnownFileType = sourcecode.swift; path = AddViewController.swift; sourceTree = "<group>"; };
		6A7DE6B629F77010009354EF /* APIConstants.swift */ = {isa = PBXFileReference; lastKnownFileType = sourcecode.swift; path = APIConstants.swift; sourceTree = "<group>"; };
		6AB1150E29EE372F00D3B813 /* CustomTabBar.swift */ = {isa = PBXFileReference; lastKnownFileType = sourcecode.swift; path = CustomTabBar.swift; sourceTree = "<group>"; };
		6AB1151229EE6D9E00D3B813 /* Ex_UITabBar.swift */ = {isa = PBXFileReference; lastKnownFileType = sourcecode.swift; path = Ex_UITabBar.swift; sourceTree = "<group>"; };
		6AF9E85829F0D0BD00DCB330 /* MMM.entitlements */ = {isa = PBXFileReference; lastKnownFileType = text.plist.entitlements; path = MMM.entitlements; sourceTree = "<group>"; };
		738AB5686981CA1A28640207 /* Pods_MMM_MMMUITests.framework */ = {isa = PBXFileReference; explicitFileType = wrapper.framework; includeInIndex = 0; path = Pods_MMM_MMMUITests.framework; sourceTree = BUILT_PRODUCTS_DIR; };
		A564931308C77DE145181BBF /* Pods_MMM.framework */ = {isa = PBXFileReference; explicitFileType = wrapper.framework; includeInIndex = 0; path = Pods_MMM.framework; sourceTree = BUILT_PRODUCTS_DIR; };
		C411938A29D2817C003DBC15 /* MMM.app */ = {isa = PBXFileReference; explicitFileType = wrapper.application; includeInIndex = 0; path = MMM.app; sourceTree = BUILT_PRODUCTS_DIR; };
		C411938D29D2817C003DBC15 /* AppDelegate.swift */ = {isa = PBXFileReference; lastKnownFileType = sourcecode.swift; path = AppDelegate.swift; sourceTree = "<group>"; };
		C411938F29D2817C003DBC15 /* SceneDelegate.swift */ = {isa = PBXFileReference; lastKnownFileType = sourcecode.swift; path = SceneDelegate.swift; sourceTree = "<group>"; };
		C411939129D2817C003DBC15 /* ProfileViewController.swift */ = {isa = PBXFileReference; lastKnownFileType = sourcecode.swift; path = ProfileViewController.swift; sourceTree = "<group>"; };
		C411939629D2817E003DBC15 /* Assets.xcassets */ = {isa = PBXFileReference; lastKnownFileType = folder.assetcatalog; path = Assets.xcassets; sourceTree = "<group>"; };
		C411939929D2817E003DBC15 /* Base */ = {isa = PBXFileReference; lastKnownFileType = file.storyboard; name = Base; path = Base.lproj/LaunchScreen.storyboard; sourceTree = "<group>"; };
		C411939B29D2817E003DBC15 /* Info.plist */ = {isa = PBXFileReference; lastKnownFileType = text.plist.xml; path = Info.plist; sourceTree = "<group>"; };
		C41193A029D2817F003DBC15 /* MMMTests.xctest */ = {isa = PBXFileReference; explicitFileType = wrapper.cfbundle; includeInIndex = 0; path = MMMTests.xctest; sourceTree = BUILT_PRODUCTS_DIR; };
		C41193A429D2817F003DBC15 /* MMMTests.swift */ = {isa = PBXFileReference; lastKnownFileType = sourcecode.swift; path = MMMTests.swift; sourceTree = "<group>"; };
		C41193AA29D2817F003DBC15 /* MMMUITests.xctest */ = {isa = PBXFileReference; explicitFileType = wrapper.cfbundle; includeInIndex = 0; path = MMMUITests.xctest; sourceTree = BUILT_PRODUCTS_DIR; };
		C41193AE29D2817F003DBC15 /* MMMUITests.swift */ = {isa = PBXFileReference; lastKnownFileType = sourcecode.swift; path = MMMUITests.swift; sourceTree = "<group>"; };
		C41193B029D2817F003DBC15 /* MMMUITestsLaunchTests.swift */ = {isa = PBXFileReference; lastKnownFileType = sourcecode.swift; path = MMMUITestsLaunchTests.swift; sourceTree = "<group>"; };
		C41193C429D2838D003DBC15 /* Icon.xcassets */ = {isa = PBXFileReference; lastKnownFileType = folder.assetcatalog; path = Icon.xcassets; sourceTree = "<group>"; };
		C41193C529D2838E003DBC15 /* Color.xcassets */ = {isa = PBXFileReference; lastKnownFileType = folder.assetcatalog; path = Color.xcassets; sourceTree = "<group>"; };
		C41193CA29D2874A003DBC15 /* Pretendard-Regular.otf */ = {isa = PBXFileReference; lastKnownFileType = file; path = "Pretendard-Regular.otf"; sourceTree = "<group>"; };
		C41193CB29D2874A003DBC15 /* Pretendard-Black.otf */ = {isa = PBXFileReference; lastKnownFileType = file; path = "Pretendard-Black.otf"; sourceTree = "<group>"; };
		C41193CC29D2874A003DBC15 /* Pretendard-Medium.otf */ = {isa = PBXFileReference; lastKnownFileType = file; path = "Pretendard-Medium.otf"; sourceTree = "<group>"; };
		C41193CD29D2874A003DBC15 /* Pretendard-Light.otf */ = {isa = PBXFileReference; lastKnownFileType = file; path = "Pretendard-Light.otf"; sourceTree = "<group>"; };
		C41193CE29D2874A003DBC15 /* Pretendard-ExtraBold.otf */ = {isa = PBXFileReference; lastKnownFileType = file; path = "Pretendard-ExtraBold.otf"; sourceTree = "<group>"; };
		C41193CF29D2874A003DBC15 /* Pretendard-Bold.otf */ = {isa = PBXFileReference; lastKnownFileType = file; path = "Pretendard-Bold.otf"; sourceTree = "<group>"; };
		C41193D029D2874A003DBC15 /* Pretendard-Thin.otf */ = {isa = PBXFileReference; lastKnownFileType = file; path = "Pretendard-Thin.otf"; sourceTree = "<group>"; };
		C41193D129D2874A003DBC15 /* Pretendard-ExtraLight.otf */ = {isa = PBXFileReference; lastKnownFileType = file; path = "Pretendard-ExtraLight.otf"; sourceTree = "<group>"; };
		C41193D229D2874A003DBC15 /* Pretendard-SemiBold.otf */ = {isa = PBXFileReference; lastKnownFileType = file; path = "Pretendard-SemiBold.otf"; sourceTree = "<group>"; };
		C41193DD29D287E6003DBC15 /* Ex+KeychainWrapper.swift */ = {isa = PBXFileReference; fileEncoding = 4; lastKnownFileType = sourcecode.swift; path = "Ex+KeychainWrapper.swift"; sourceTree = "<group>"; };
		C41193DE29D287E6003DBC15 /* Ex+Font.swift */ = {isa = PBXFileReference; fileEncoding = 4; lastKnownFileType = sourcecode.swift; path = "Ex+Font.swift"; sourceTree = "<group>"; };
		C41193DF29D287E6003DBC15 /* Ex+UIDevice.swift */ = {isa = PBXFileReference; fileEncoding = 4; lastKnownFileType = sourcecode.swift; path = "Ex+UIDevice.swift"; sourceTree = "<group>"; };
		C41193E029D287E6003DBC15 /* Ex+Color.swift */ = {isa = PBXFileReference; fileEncoding = 4; lastKnownFileType = sourcecode.swift; path = "Ex+Color.swift"; sourceTree = "<group>"; };
		C41193E129D287E6003DBC15 /* Ex+Icon.swift */ = {isa = PBXFileReference; fileEncoding = 4; lastKnownFileType = sourcecode.swift; path = "Ex+Icon.swift"; sourceTree = "<group>"; };
		C41193E229D287E6003DBC15 /* Ex+View.swift */ = {isa = PBXFileReference; fileEncoding = 4; lastKnownFileType = sourcecode.swift; path = "Ex+View.swift"; sourceTree = "<group>"; };
		C41193E929D2D7FE003DBC15 /* MMMResource.swift */ = {isa = PBXFileReference; lastKnownFileType = sourcecode.swift; path = MMMResource.swift; sourceTree = "<group>"; };
		C41193F229D3AED5003DBC15 /* ProfileView.swift */ = {isa = PBXFileReference; lastKnownFileType = sourcecode.swift; path = ProfileView.swift; sourceTree = "<group>"; };
		C41193F429D3D7FB003DBC15 /* Ex+NSObject.swift */ = {isa = PBXFileReference; lastKnownFileType = sourcecode.swift; path = "Ex+NSObject.swift"; sourceTree = "<group>"; };
		C41193F629D3D954003DBC15 /* Ex+UITableView.swift */ = {isa = PBXFileReference; lastKnownFileType = sourcecode.swift; path = "Ex+UITableView.swift"; sourceTree = "<group>"; };
		C41193F829D3DD9A003DBC15 /* ProfileTableViewCell.swift */ = {isa = PBXFileReference; lastKnownFileType = sourcecode.swift; path = ProfileTableViewCell.swift; sourceTree = "<group>"; };
		C41193FC29D42BD9003DBC15 /* ProfileFooterView.swift */ = {isa = PBXFileReference; lastKnownFileType = sourcecode.swift; path = ProfileFooterView.swift; sourceTree = "<group>"; };
		C411940329D53DDF003DBC15 /* ManagementViewController.swift */ = {isa = PBXFileReference; lastKnownFileType = sourcecode.swift; path = ManagementViewController.swift; sourceTree = "<group>"; };
		C411940629D53EA0003DBC15 /* NavigationController.swift */ = {isa = PBXFileReference; lastKnownFileType = sourcecode.swift; path = NavigationController.swift; sourceTree = "<group>"; };
		C411940A29DAEDF9003DBC15 /* CustomAlertViewController.swift */ = {isa = PBXFileReference; lastKnownFileType = sourcecode.swift; path = CustomAlertViewController.swift; sourceTree = "<group>"; };
		C4199DD229FE3051006E5DA8 /* BottomSheetViewController.swift */ = {isa = PBXFileReference; lastKnownFileType = sourcecode.swift; path = BottomSheetViewController.swift; sourceTree = "<group>"; };
		C4199DD829FE6BE1006E5DA8 /* DatePickerViewController.swift */ = {isa = PBXFileReference; lastKnownFileType = sourcecode.swift; path = DatePickerViewController.swift; sourceTree = "<group>"; };
		C433A06C29EE53BB008B26DF /* HomeTableViewCell.swift */ = {isa = PBXFileReference; lastKnownFileType = sourcecode.swift; path = HomeTableViewCell.swift; sourceTree = "<group>"; };
		C433A07029EE5516008B26DF /* Calendar.swift */ = {isa = PBXFileReference; lastKnownFileType = sourcecode.swift; path = Calendar.swift; sourceTree = "<group>"; };
		C433A07229EEE751008B26DF /* Ex+Date.swift */ = {isa = PBXFileReference; lastKnownFileType = sourcecode.swift; path = "Ex+Date.swift"; sourceTree = "<group>"; };
		C44807DD29E4FE8000D4B090 /* Ex+Publisher.swift */ = {isa = PBXFileReference; lastKnownFileType = sourcecode.swift; path = "Ex+Publisher.swift"; sourceTree = "<group>"; };
		C44807E029E648D300D4B090 /* HomeViewController.swift */ = {isa = PBXFileReference; lastKnownFileType = sourcecode.swift; path = HomeViewController.swift; sourceTree = "<group>"; };
		C44807E229E649A300D4B090 /* HomeViewModel.swift */ = {isa = PBXFileReference; lastKnownFileType = sourcecode.swift; path = HomeViewModel.swift; sourceTree = "<group>"; };
		C44807E429E7E76800D4B090 /* Ex+UIControl.swift */ = {isa = PBXFileReference; lastKnownFileType = sourcecode.swift; path = "Ex+UIControl.swift"; sourceTree = "<group>"; };
		C4DBAA2B29DBCB8B00D1BB97 /* Ex+Button.swift */ = {isa = PBXFileReference; lastKnownFileType = sourcecode.swift; path = "Ex+Button.swift"; sourceTree = "<group>"; };
		C4DBAA2D29DC16A400D1BB97 /* WithdrawViewController.swift */ = {isa = PBXFileReference; lastKnownFileType = sourcecode.swift; path = WithdrawViewController.swift; sourceTree = "<group>"; };
		C4DBAA2F29DD459100D1BB97 /* WithdrawConfirmView.swift */ = {isa = PBXFileReference; lastKnownFileType = sourcecode.swift; path = WithdrawConfirmView.swift; sourceTree = "<group>"; };
		C4DBAA3129DD763D00D1BB97 /* Ex+Int.swift */ = {isa = PBXFileReference; lastKnownFileType = sourcecode.swift; path = "Ex+Int.swift"; sourceTree = "<group>"; };
		C4DBAA3529DD7A9F00D1BB97 /* ko */ = {isa = PBXFileReference; lastKnownFileType = text.plist.strings; name = ko; path = ko.lproj/LaunchScreen.strings; sourceTree = "<group>"; };
		C4DBAA3629DD7B2600D1BB97 /* CountPushLabel.swift */ = {isa = PBXFileReference; lastKnownFileType = sourcecode.swift; path = CountPushLabel.swift; sourceTree = "<group>"; };
		C4DBAA3829DEAE0200D1BB97 /* CountAnimationStackView.swift */ = {isa = PBXFileReference; lastKnownFileType = sourcecode.swift; path = CountAnimationStackView.swift; sourceTree = "<group>"; };
		C4EA5B3F29FA1A40008D1564 /* HomeHeaderView.swift */ = {isa = PBXFileReference; lastKnownFileType = sourcecode.swift; path = HomeHeaderView.swift; sourceTree = "<group>"; };
		C4EA5B4129FA26E0008D1564 /* HomeHeaderStackView.swift */ = {isa = PBXFileReference; lastKnownFileType = sourcecode.swift; path = HomeHeaderStackView.swift; sourceTree = "<group>"; };
		C4EA5B4329FA2810008D1564 /* UIStackView.swift */ = {isa = PBXFileReference; lastKnownFileType = sourcecode.swift; path = UIStackView.swift; sourceTree = "<group>"; };
		E1F4C2751A32E5FDB91A657F /* Pods-MMMTests.release.xcconfig */ = {isa = PBXFileReference; includeInIndex = 1; lastKnownFileType = text.xcconfig; name = "Pods-MMMTests.release.xcconfig"; path = "Target Support Files/Pods-MMMTests/Pods-MMMTests.release.xcconfig"; sourceTree = "<group>"; };
		F4482F9A861317CCBA1EDC6B /* Pods-MMM-MMMUITests.release.xcconfig */ = {isa = PBXFileReference; includeInIndex = 1; lastKnownFileType = text.xcconfig; name = "Pods-MMM-MMMUITests.release.xcconfig"; path = "Target Support Files/Pods-MMM-MMMUITests/Pods-MMM-MMMUITests.release.xcconfig"; sourceTree = "<group>"; };
		FC275A78FD9B770379D3387D /* Pods-MMM.debug.xcconfig */ = {isa = PBXFileReference; includeInIndex = 1; lastKnownFileType = text.xcconfig; name = "Pods-MMM.debug.xcconfig"; path = "Target Support Files/Pods-MMM/Pods-MMM.debug.xcconfig"; sourceTree = "<group>"; };
/* End PBXFileReference section */

/* Begin PBXFrameworksBuildPhase section */
		C411938729D2817C003DBC15 /* Frameworks */ = {
			isa = PBXFrameworksBuildPhase;
			buildActionMask = 2147483647;
			files = (
				003B832595A61A7EA6CCC014 /* Pods_MMM.framework in Frameworks */,
			);
			runOnlyForDeploymentPostprocessing = 0;
		};
		C411939D29D2817F003DBC15 /* Frameworks */ = {
			isa = PBXFrameworksBuildPhase;
			buildActionMask = 2147483647;
			files = (
				62AC9C989058B479AA52D81F /* Pods_MMMTests.framework in Frameworks */,
			);
			runOnlyForDeploymentPostprocessing = 0;
		};
		C41193A729D2817F003DBC15 /* Frameworks */ = {
			isa = PBXFrameworksBuildPhase;
			buildActionMask = 2147483647;
			files = (
				FF7FB61A0AC167F25EB6438F /* Pods_MMM_MMMUITests.framework in Frameworks */,
			);
			runOnlyForDeploymentPostprocessing = 0;
		};
/* End PBXFrameworksBuildPhase section */

/* Begin PBXGroup section */
		6A08B47B29FF5D3D0080719E /* Utilities */ = {
			isa = PBXGroup;
			children = (
				6A08B47C29FF5D530080719E /* Log.swift */,
			);
			path = Utilities;
			sourceTree = "<group>";
		};
		6A08B47E29FF60EB0080719E /* Responses */ = {
			isa = PBXGroup;
			children = (
				6A12144629FA0C300076848A /* AppleLoginResDto.swift */,
			);
			path = Responses;
			sourceTree = "<group>";
		};
		6A0D108029D3CEF6009D6DCA /* Onboarding */ = {
			isa = PBXGroup;
			children = (
				6A0D108329D3D1DA009D6DCA /* Views */,
				6A0D108129D3CF1B009D6DCA /* OnboardingViewController.swift */,
			);
			path = Onboarding;
			sourceTree = "<group>";
		};
		6A0D108329D3D1DA009D6DCA /* Views */ = {
			isa = PBXGroup;
			children = (
				6A0D108429D3D209009D6DCA /* OnboardingView.swift */,
			);
			path = Views;
			sourceTree = "<group>";
		};
		6A0F234529DC0D750063673B /* TabBar */ = {
			isa = PBXGroup;
			children = (
				6AB1150E29EE372F00D3B813 /* CustomTabBar.swift */,
				6A0F234629DC0DB20063673B /* TabBarController.swift */,
			);
			path = TabBar;
			sourceTree = "<group>";
		};
		6A381E0829E8F3C100E0974F /* Add */ = {
			isa = PBXGroup;
			children = (
				6A381E0929E8F40700E0974F /* AddViewController.swift */,
			);
			path = Add;
			sourceTree = "<group>";
		};
		6A7DE6B829F771F8009354EF /* Configuration */ = {
			isa = PBXGroup;
			children = (
				6A12144829FA0FB50076848A /* Constants.swift */,
			);
			path = Configuration;
			sourceTree = "<group>";
		};
		88255752AA5B9A60F9E5F964 /* Pods */ = {
			isa = PBXGroup;
			children = (
				FC275A78FD9B770379D3387D /* Pods-MMM.debug.xcconfig */,
				0020DFFCCABA708243684054 /* Pods-MMM.release.xcconfig */,
				58A4D4522CDE75108D91C22E /* Pods-MMM-MMMUITests.debug.xcconfig */,
				F4482F9A861317CCBA1EDC6B /* Pods-MMM-MMMUITests.release.xcconfig */,
				1E035A75D3A833AD01047796 /* Pods-MMMTests.debug.xcconfig */,
				E1F4C2751A32E5FDB91A657F /* Pods-MMMTests.release.xcconfig */,
			);
			path = Pods;
			sourceTree = "<group>";
		};
		B3D28157D4159EDFDBFB6E21 /* Frameworks */ = {
			isa = PBXGroup;
			children = (
				A564931308C77DE145181BBF /* Pods_MMM.framework */,
				738AB5686981CA1A28640207 /* Pods_MMM_MMMUITests.framework */,
				2BC1A763E0587F6517C3A5E7 /* Pods_MMMTests.framework */,
			);
			name = Frameworks;
			sourceTree = "<group>";
		};
		C411938129D2817C003DBC15 = {
			isa = PBXGroup;
			children = (
				C411938C29D2817C003DBC15 /* MMM */,
				C41193A329D2817F003DBC15 /* MMMTests */,
				C41193AD29D2817F003DBC15 /* MMMUITests */,
				C411938B29D2817C003DBC15 /* Products */,
				88255752AA5B9A60F9E5F964 /* Pods */,
				B3D28157D4159EDFDBFB6E21 /* Frameworks */,
			);
			sourceTree = "<group>";
		};
		C411938B29D2817C003DBC15 /* Products */ = {
			isa = PBXGroup;
			children = (
				C411938A29D2817C003DBC15 /* MMM.app */,
				C41193A029D2817F003DBC15 /* MMMTests.xctest */,
				C41193AA29D2817F003DBC15 /* MMMUITests.xctest */,
			);
			name = Products;
			sourceTree = "<group>";
		};
		C411938C29D2817C003DBC15 /* MMM */ = {
			isa = PBXGroup;
			children = (
				6AF9E85829F0D0BD00DCB330 /* MMM.entitlements */,
				C41193BF29D281E6003DBC15 /* App */,
				C41193BD29D281AB003DBC15 /* Resources */,
				C41193BE29D281BF003DBC15 /* Sources */,
			);
			path = MMM;
			sourceTree = "<group>";
		};
		C41193A329D2817F003DBC15 /* MMMTests */ = {
			isa = PBXGroup;
			children = (
				C41193A429D2817F003DBC15 /* MMMTests.swift */,
			);
			path = MMMTests;
			sourceTree = "<group>";
		};
		C41193AD29D2817F003DBC15 /* MMMUITests */ = {
			isa = PBXGroup;
			children = (
				C41193AE29D2817F003DBC15 /* MMMUITests.swift */,
				C41193B029D2817F003DBC15 /* MMMUITestsLaunchTests.swift */,
			);
			path = MMMUITests;
			sourceTree = "<group>";
		};
		C41193BD29D281AB003DBC15 /* Resources */ = {
			isa = PBXGroup;
			children = (
				C41193C329D28334003DBC15 /* Assets */,
				C411940529D53E77003DBC15 /* Base */,
				6A7DE6B829F771F8009354EF /* Configuration */,
				C41193DC29D287E6003DBC15 /* Extensions */,
				C41193C829D2874A003DBC15 /* Font */,
				C41193C229D28318003DBC15 /* Info */,
				C41193E929D2D7FE003DBC15 /* MMMResource.swift */,
				C411939829D2817E003DBC15 /* LaunchScreen.storyboard */,
			);
			path = Resources;
			sourceTree = "<group>";
		};
		C41193BE29D281BF003DBC15 /* Sources */ = {
			isa = PBXGroup;
			children = (
				C41193ED29D3A79D003DBC15 /* Models */,
				C41193EE29D3A7B6003DBC15 /* Services */,
				6A08B47B29FF5D3D0080719E /* Utilities */,
				C41193C029D281F2003DBC15 /* ViewController */,
				C41193EF29D3A7BA003DBC15 /* ViewModels */,
			);
			path = Sources;
			sourceTree = "<group>";
		};
		C41193BF29D281E6003DBC15 /* App */ = {
			isa = PBXGroup;
			children = (
				C411938D29D2817C003DBC15 /* AppDelegate.swift */,
				C411938F29D2817C003DBC15 /* SceneDelegate.swift */,
			);
			path = App;
			sourceTree = "<group>";
		};
		C41193C029D281F2003DBC15 /* ViewController */ = {
			isa = PBXGroup;
			children = (
				6A381E0829E8F3C100E0974F /* Add */,
				C44807DF29E6489300D4B090 /* Home */,
				6A0D108029D3CEF6009D6DCA /* Onboarding */,
				C41193F029D3A867003DBC15 /* Profile */,
				6A0F234529DC0D750063673B /* TabBar */,
			);
			path = ViewController;
			sourceTree = "<group>";
		};
		C41193C229D28318003DBC15 /* Info */ = {
			isa = PBXGroup;
			children = (
				C411939B29D2817E003DBC15 /* Info.plist */,
			);
			path = Info;
			sourceTree = "<group>";
		};
		C41193C329D28334003DBC15 /* Assets */ = {
			isa = PBXGroup;
			children = (
				C41193C529D2838E003DBC15 /* Color.xcassets */,
				C41193C429D2838D003DBC15 /* Icon.xcassets */,
				C411939629D2817E003DBC15 /* Assets.xcassets */,
			);
			path = Assets;
			sourceTree = "<group>";
		};
		C41193C829D2874A003DBC15 /* Font */ = {
			isa = PBXGroup;
			children = (
				C41193C929D2874A003DBC15 /* Pretendard */,
			);
			path = Font;
			sourceTree = "<group>";
		};
		C41193C929D2874A003DBC15 /* Pretendard */ = {
			isa = PBXGroup;
			children = (
				C41193CA29D2874A003DBC15 /* Pretendard-Regular.otf */,
				C41193CB29D2874A003DBC15 /* Pretendard-Black.otf */,
				C41193CC29D2874A003DBC15 /* Pretendard-Medium.otf */,
				C41193CD29D2874A003DBC15 /* Pretendard-Light.otf */,
				C41193CE29D2874A003DBC15 /* Pretendard-ExtraBold.otf */,
				C41193CF29D2874A003DBC15 /* Pretendard-Bold.otf */,
				C41193D029D2874A003DBC15 /* Pretendard-Thin.otf */,
				C41193D129D2874A003DBC15 /* Pretendard-ExtraLight.otf */,
				C41193D229D2874A003DBC15 /* Pretendard-SemiBold.otf */,
			);
			path = Pretendard;
			sourceTree = "<group>";
		};
		C41193DC29D287E6003DBC15 /* Extensions */ = {
			isa = PBXGroup;
			children = (
				6AB1151229EE6D9E00D3B813 /* Ex_UITabBar.swift */,
				C4DBAA2B29DBCB8B00D1BB97 /* Ex+Button.swift */,
				C41193E029D287E6003DBC15 /* Ex+Color.swift */,
				C433A07229EEE751008B26DF /* Ex+Date.swift */,
				6A08B47F29FF74B70080719E /* Ex+Encodable.swift */,
				C41193DE29D287E6003DBC15 /* Ex+Font.swift */,
				C41193E129D287E6003DBC15 /* Ex+Icon.swift */,
				C4DBAA3129DD763D00D1BB97 /* Ex+Int.swift */,
				C41193DD29D287E6003DBC15 /* Ex+KeychainWrapper.swift */,
				C41193F429D3D7FB003DBC15 /* Ex+NSObject.swift */,
				C44807DD29E4FE8000D4B090 /* Ex+Publisher.swift */,
				C44807E429E7E76800D4B090 /* Ex+UIControl.swift */,
				C41193DF29D287E6003DBC15 /* Ex+UIDevice.swift */,
				C41193F629D3D954003DBC15 /* Ex+UITableView.swift */,
				C41193E229D287E6003DBC15 /* Ex+View.swift */,
				C4EA5B4329FA2810008D1564 /* UIStackView.swift */,
			);
			path = Extensions;
			sourceTree = "<group>";
		};
		C41193ED29D3A79D003DBC15 /* Models */ = {
			isa = PBXGroup;
			children = (
				6A08B47E29FF60EB0080719E /* Responses */,
				C433A07029EE5516008B26DF /* Calendar.swift */,
				6A1880CA29EF85EA00D62F1A /* OnboardingItem.swift */,
				6A1880C829EF85BB00D62F1A /* TabItem.swift */,
			);
			path = Models;
			sourceTree = "<group>";
		};
		C41193EE29D3A7B6003DBC15 /* Services */ = {
			isa = PBXGroup;
			children = (
				6A08B47929FF5CA90080719E /* APIClient.swift */,
				6A7DE6B629F77010009354EF /* APIConstants.swift */,
				6A08B47729FF5C7E0080719E /* APIParameters.swift */,
				6A08B47529FF5B150080719E /* APIRouter.swift */,
			);
			path = Services;
			sourceTree = "<group>";
		};
		C41193EF29D3A7BA003DBC15 /* ViewModels */ = {
			isa = PBXGroup;
			children = (
				C44807E229E649A300D4B090 /* HomeViewModel.swift */,
				6A1BAD4429E6550100818086 /* OnboardingViewModel.swift */,
			);
			path = ViewModels;
			sourceTree = "<group>";
		};
		C41193F029D3A867003DBC15 /* Profile */ = {
			isa = PBXGroup;
			children = (
				C41193F129D3AEBB003DBC15 /* Views */,
				C41193FE29D53A69003DBC15 /* ViewController */,
			);
			path = Profile;
			sourceTree = "<group>";
		};
		C41193F129D3AEBB003DBC15 /* Views */ = {
			isa = PBXGroup;
			children = (
				C41193F229D3AED5003DBC15 /* ProfileView.swift */,
				C41193FC29D42BD9003DBC15 /* ProfileFooterView.swift */,
				C41193F829D3DD9A003DBC15 /* ProfileTableViewCell.swift */,
				C4DBAA2F29DD459100D1BB97 /* WithdrawConfirmView.swift */,
				C4DBAA3829DEAE0200D1BB97 /* CountAnimationStackView.swift */,
			);
			path = Views;
			sourceTree = "<group>";
		};
		C41193FE29D53A69003DBC15 /* ViewController */ = {
			isa = PBXGroup;
			children = (
				C411939129D2817C003DBC15 /* ProfileViewController.swift */,
				6A0F233F29DBA8AA0063673B /* DataExportViewController.swift */,
				C411940329D53DDF003DBC15 /* ManagementViewController.swift */,
				6A0F234129DBA92D0063673B /* ServiceViewController.swift */,
				C4DBAA2D29DC16A400D1BB97 /* WithdrawViewController.swift */,
			);
			path = ViewController;
			sourceTree = "<group>";
		};
		C411940529D53E77003DBC15 /* Base */ = {
			isa = PBXGroup;
			children = (
				6A0F234329DBC0C30063673B /* BaseViewController.swift */,
				C4199DD229FE3051006E5DA8 /* BottomSheetViewController.swift */,
				C411940A29DAEDF9003DBC15 /* CustomAlertViewController.swift */,
				C4DBAA3629DD7B2600D1BB97 /* CountPushLabel.swift */,
				C411940629D53EA0003DBC15 /* NavigationController.swift */,
			);
			path = Base;
			sourceTree = "<group>";
		};
		C433A06B29EE537D008B26DF /* Views */ = {
			isa = PBXGroup;
			children = (
				C4EA5B3F29FA1A40008D1564 /* HomeHeaderView.swift */,
				C4EA5B4129FA26E0008D1564 /* HomeHeaderStackView.swift */,
				C433A06C29EE53BB008B26DF /* HomeTableViewCell.swift */,
				C4199DD829FE6BE1006E5DA8 /* DatePickerViewController.swift */,
			);
			path = Views;
			sourceTree = "<group>";
		};
		C44807DF29E6489300D4B090 /* Home */ = {
			isa = PBXGroup;
			children = (
				C433A06B29EE537D008B26DF /* Views */,
				C44807E029E648D300D4B090 /* HomeViewController.swift */,
			);
			path = Home;
			sourceTree = "<group>";
		};
/* End PBXGroup section */

/* Begin PBXNativeTarget section */
		C411938929D2817C003DBC15 /* MMM */ = {
			isa = PBXNativeTarget;
			buildConfigurationList = C41193B429D2817F003DBC15 /* Build configuration list for PBXNativeTarget "MMM" */;
			buildPhases = (
				816AA07906AA596B27A150B1 /* [CP] Check Pods Manifest.lock */,
				C411938629D2817C003DBC15 /* Sources */,
				C411938729D2817C003DBC15 /* Frameworks */,
				C411938829D2817C003DBC15 /* Resources */,
				D954FA550E758503218A6602 /* [CP] Embed Pods Frameworks */,
			);
			buildRules = (
			);
			dependencies = (
			);
			name = MMM;
			productName = MMM;
			productReference = C411938A29D2817C003DBC15 /* MMM.app */;
			productType = "com.apple.product-type.application";
		};
		C411939F29D2817F003DBC15 /* MMMTests */ = {
			isa = PBXNativeTarget;
			buildConfigurationList = C41193B729D2817F003DBC15 /* Build configuration list for PBXNativeTarget "MMMTests" */;
			buildPhases = (
				5011B98B32BB9EC3F53A7C8C /* [CP] Check Pods Manifest.lock */,
				C411939C29D2817F003DBC15 /* Sources */,
				C411939D29D2817F003DBC15 /* Frameworks */,
				C411939E29D2817F003DBC15 /* Resources */,
			);
			buildRules = (
			);
			dependencies = (
				C41193A229D2817F003DBC15 /* PBXTargetDependency */,
			);
			name = MMMTests;
			productName = MMMTests;
			productReference = C41193A029D2817F003DBC15 /* MMMTests.xctest */;
			productType = "com.apple.product-type.bundle.unit-test";
		};
		C41193A929D2817F003DBC15 /* MMMUITests */ = {
			isa = PBXNativeTarget;
			buildConfigurationList = C41193BA29D2817F003DBC15 /* Build configuration list for PBXNativeTarget "MMMUITests" */;
			buildPhases = (
				7594A8FB23E2B47174C564E2 /* [CP] Check Pods Manifest.lock */,
				C41193A629D2817F003DBC15 /* Sources */,
				C41193A729D2817F003DBC15 /* Frameworks */,
				C41193A829D2817F003DBC15 /* Resources */,
				D4EE012553BD2ED86DF879B8 /* [CP] Embed Pods Frameworks */,
			);
			buildRules = (
			);
			dependencies = (
				C41193AC29D2817F003DBC15 /* PBXTargetDependency */,
			);
			name = MMMUITests;
			productName = MMMUITests;
			productReference = C41193AA29D2817F003DBC15 /* MMMUITests.xctest */;
			productType = "com.apple.product-type.bundle.ui-testing";
		};
/* End PBXNativeTarget section */

/* Begin PBXProject section */
		C411938229D2817C003DBC15 /* Project object */ = {
			isa = PBXProject;
			attributes = {
				BuildIndependentTargetsInParallel = 1;
				LastSwiftUpdateCheck = 1420;
				LastUpgradeCheck = 1420;
				TargetAttributes = {
					C411938929D2817C003DBC15 = {
						CreatedOnToolsVersion = 14.2;
					};
					C411939F29D2817F003DBC15 = {
						CreatedOnToolsVersion = 14.2;
						TestTargetID = C411938929D2817C003DBC15;
					};
					C41193A929D2817F003DBC15 = {
						CreatedOnToolsVersion = 14.2;
						TestTargetID = C411938929D2817C003DBC15;
					};
				};
			};
			buildConfigurationList = C411938529D2817C003DBC15 /* Build configuration list for PBXProject "MMM" */;
			compatibilityVersion = "Xcode 14.0";
			developmentRegion = en;
			hasScannedForEncodings = 0;
			knownRegions = (
				en,
				Base,
				ko,
			);
			mainGroup = C411938129D2817C003DBC15;
			productRefGroup = C411938B29D2817C003DBC15 /* Products */;
			projectDirPath = "";
			projectRoot = "";
			targets = (
				C411938929D2817C003DBC15 /* MMM */,
				C411939F29D2817F003DBC15 /* MMMTests */,
				C41193A929D2817F003DBC15 /* MMMUITests */,
			);
		};
/* End PBXProject section */

/* Begin PBXResourcesBuildPhase section */
		C411938829D2817C003DBC15 /* Resources */ = {
			isa = PBXResourcesBuildPhase;
			buildActionMask = 2147483647;
			files = (
				C41193D529D2874A003DBC15 /* Pretendard-Medium.otf in Resources */,
				C41193D829D2874A003DBC15 /* Pretendard-Bold.otf in Resources */,
				C41193D629D2874A003DBC15 /* Pretendard-Light.otf in Resources */,
				C41193DB29D2874A003DBC15 /* Pretendard-SemiBold.otf in Resources */,
				C41193D729D2874A003DBC15 /* Pretendard-ExtraBold.otf in Resources */,
				C41193C629D2838E003DBC15 /* Icon.xcassets in Resources */,
				C41193C729D2838E003DBC15 /* Color.xcassets in Resources */,
				C41193DA29D2874A003DBC15 /* Pretendard-ExtraLight.otf in Resources */,
				C41193D329D2874A003DBC15 /* Pretendard-Regular.otf in Resources */,
				C411939A29D2817E003DBC15 /* LaunchScreen.storyboard in Resources */,
				C41193D429D2874A003DBC15 /* Pretendard-Black.otf in Resources */,
				C41193D929D2874A003DBC15 /* Pretendard-Thin.otf in Resources */,
				C411939729D2817E003DBC15 /* Assets.xcassets in Resources */,
			);
			runOnlyForDeploymentPostprocessing = 0;
		};
		C411939E29D2817F003DBC15 /* Resources */ = {
			isa = PBXResourcesBuildPhase;
			buildActionMask = 2147483647;
			files = (
			);
			runOnlyForDeploymentPostprocessing = 0;
		};
		C41193A829D2817F003DBC15 /* Resources */ = {
			isa = PBXResourcesBuildPhase;
			buildActionMask = 2147483647;
			files = (
			);
			runOnlyForDeploymentPostprocessing = 0;
		};
/* End PBXResourcesBuildPhase section */

/* Begin PBXShellScriptBuildPhase section */
		5011B98B32BB9EC3F53A7C8C /* [CP] Check Pods Manifest.lock */ = {
			isa = PBXShellScriptBuildPhase;
			buildActionMask = 2147483647;
			files = (
			);
			inputFileListPaths = (
			);
			inputPaths = (
				"${PODS_PODFILE_DIR_PATH}/Podfile.lock",
				"${PODS_ROOT}/Manifest.lock",
			);
			name = "[CP] Check Pods Manifest.lock";
			outputFileListPaths = (
			);
			outputPaths = (
				"$(DERIVED_FILE_DIR)/Pods-MMMTests-checkManifestLockResult.txt",
			);
			runOnlyForDeploymentPostprocessing = 0;
			shellPath = /bin/sh;
			shellScript = "diff \"${PODS_PODFILE_DIR_PATH}/Podfile.lock\" \"${PODS_ROOT}/Manifest.lock\" > /dev/null\nif [ $? != 0 ] ; then\n    # print error to STDERR\n    echo \"error: The sandbox is not in sync with the Podfile.lock. Run 'pod install' or update your CocoaPods installation.\" >&2\n    exit 1\nfi\n# This output is used by Xcode 'outputs' to avoid re-running this script phase.\necho \"SUCCESS\" > \"${SCRIPT_OUTPUT_FILE_0}\"\n";
			showEnvVarsInLog = 0;
		};
		7594A8FB23E2B47174C564E2 /* [CP] Check Pods Manifest.lock */ = {
			isa = PBXShellScriptBuildPhase;
			buildActionMask = 2147483647;
			files = (
			);
			inputFileListPaths = (
			);
			inputPaths = (
				"${PODS_PODFILE_DIR_PATH}/Podfile.lock",
				"${PODS_ROOT}/Manifest.lock",
			);
			name = "[CP] Check Pods Manifest.lock";
			outputFileListPaths = (
			);
			outputPaths = (
				"$(DERIVED_FILE_DIR)/Pods-MMM-MMMUITests-checkManifestLockResult.txt",
			);
			runOnlyForDeploymentPostprocessing = 0;
			shellPath = /bin/sh;
			shellScript = "diff \"${PODS_PODFILE_DIR_PATH}/Podfile.lock\" \"${PODS_ROOT}/Manifest.lock\" > /dev/null\nif [ $? != 0 ] ; then\n    # print error to STDERR\n    echo \"error: The sandbox is not in sync with the Podfile.lock. Run 'pod install' or update your CocoaPods installation.\" >&2\n    exit 1\nfi\n# This output is used by Xcode 'outputs' to avoid re-running this script phase.\necho \"SUCCESS\" > \"${SCRIPT_OUTPUT_FILE_0}\"\n";
			showEnvVarsInLog = 0;
		};
		816AA07906AA596B27A150B1 /* [CP] Check Pods Manifest.lock */ = {
			isa = PBXShellScriptBuildPhase;
			buildActionMask = 2147483647;
			files = (
			);
			inputFileListPaths = (
			);
			inputPaths = (
				"${PODS_PODFILE_DIR_PATH}/Podfile.lock",
				"${PODS_ROOT}/Manifest.lock",
			);
			name = "[CP] Check Pods Manifest.lock";
			outputFileListPaths = (
			);
			outputPaths = (
				"$(DERIVED_FILE_DIR)/Pods-MMM-checkManifestLockResult.txt",
			);
			runOnlyForDeploymentPostprocessing = 0;
			shellPath = /bin/sh;
			shellScript = "diff \"${PODS_PODFILE_DIR_PATH}/Podfile.lock\" \"${PODS_ROOT}/Manifest.lock\" > /dev/null\nif [ $? != 0 ] ; then\n    # print error to STDERR\n    echo \"error: The sandbox is not in sync with the Podfile.lock. Run 'pod install' or update your CocoaPods installation.\" >&2\n    exit 1\nfi\n# This output is used by Xcode 'outputs' to avoid re-running this script phase.\necho \"SUCCESS\" > \"${SCRIPT_OUTPUT_FILE_0}\"\n";
			showEnvVarsInLog = 0;
		};
		D4EE012553BD2ED86DF879B8 /* [CP] Embed Pods Frameworks */ = {
			isa = PBXShellScriptBuildPhase;
			buildActionMask = 2147483647;
			files = (
			);
			inputFileListPaths = (
				"${PODS_ROOT}/Target Support Files/Pods-MMM-MMMUITests/Pods-MMM-MMMUITests-frameworks-${CONFIGURATION}-input-files.xcfilelist",
			);
			name = "[CP] Embed Pods Frameworks";
			outputFileListPaths = (
				"${PODS_ROOT}/Target Support Files/Pods-MMM-MMMUITests/Pods-MMM-MMMUITests-frameworks-${CONFIGURATION}-output-files.xcfilelist",
			);
			runOnlyForDeploymentPostprocessing = 0;
			shellPath = /bin/sh;
			shellScript = "\"${PODS_ROOT}/Target Support Files/Pods-MMM-MMMUITests/Pods-MMM-MMMUITests-frameworks.sh\"\n";
			showEnvVarsInLog = 0;
		};
		D954FA550E758503218A6602 /* [CP] Embed Pods Frameworks */ = {
			isa = PBXShellScriptBuildPhase;
			buildActionMask = 2147483647;
			files = (
			);
			inputFileListPaths = (
				"${PODS_ROOT}/Target Support Files/Pods-MMM/Pods-MMM-frameworks-${CONFIGURATION}-input-files.xcfilelist",
			);
			name = "[CP] Embed Pods Frameworks";
			outputFileListPaths = (
				"${PODS_ROOT}/Target Support Files/Pods-MMM/Pods-MMM-frameworks-${CONFIGURATION}-output-files.xcfilelist",
			);
			runOnlyForDeploymentPostprocessing = 0;
			shellPath = /bin/sh;
			shellScript = "\"${PODS_ROOT}/Target Support Files/Pods-MMM/Pods-MMM-frameworks.sh\"\n";
			showEnvVarsInLog = 0;
		};
/* End PBXShellScriptBuildPhase section */

/* Begin PBXSourcesBuildPhase section */
		C411938629D2817C003DBC15 /* Sources */ = {
			isa = PBXSourcesBuildPhase;
			buildActionMask = 2147483647;
			files = (
				C411940429D53DDF003DBC15 /* ManagementViewController.swift in Sources */,
				C41193F529D3D7FB003DBC15 /* Ex+NSObject.swift in Sources */,
				6A08B47D29FF5D530080719E /* Log.swift in Sources */,
				6AB1150F29EE372F00D3B813 /* CustomTabBar.swift in Sources */,
				C411940B29DAEDF9003DBC15 /* CustomAlertViewController.swift in Sources */,
				C4DBAA3029DD459100D1BB97 /* WithdrawConfirmView.swift in Sources */,
				C41193FD29D42BD9003DBC15 /* ProfileFooterView.swift in Sources */,
				6A12144929FA0FB50076848A /* Constants.swift in Sources */,
				C44807E129E648D300D4B090 /* HomeViewController.swift in Sources */,
				C44807DE29E4FE8000D4B090 /* Ex+Publisher.swift in Sources */,
				C4DBAA2E29DC16A400D1BB97 /* WithdrawViewController.swift in Sources */,
				6A1880C929EF85BC00D62F1A /* TabItem.swift in Sources */,
				6A0F234429DBC0C30063673B /* BaseViewController.swift in Sources */,
				C41193F929D3DD9A003DBC15 /* ProfileTableViewCell.swift in Sources */,
				6A7DE6B729F77010009354EF /* APIConstants.swift in Sources */,
				6A08B47629FF5B150080719E /* APIRouter.swift in Sources */,
				C41193E329D287E6003DBC15 /* Ex+KeychainWrapper.swift in Sources */,
				C4199DD329FE3051006E5DA8 /* BottomSheetViewController.swift in Sources */,
				6A1880CB29EF85EA00D62F1A /* OnboardingItem.swift in Sources */,
				C44807E529E7E76800D4B090 /* Ex+UIControl.swift in Sources */,
				6A08B47829FF5C7E0080719E /* APIParameters.swift in Sources */,
				6A08B48029FF74B70080719E /* Ex+Encodable.swift in Sources */,
				C41193E829D287E6003DBC15 /* Ex+View.swift in Sources */,
				6A12144729FA0C300076848A /* AppleLoginResDto.swift in Sources */,
				6A0F234229DBA92D0063673B /* ServiceViewController.swift in Sources */,
				C4DBAA3729DD7B2600D1BB97 /* CountPushLabel.swift in Sources */,
				C41193E729D287E6003DBC15 /* Ex+Icon.swift in Sources */,
				C4199DD929FE6BE1006E5DA8 /* DatePickerViewController.swift in Sources */,
				C4EA5B4429FA2810008D1564 /* UIStackView.swift in Sources */,
				6A0F234729DC0DB20063673B /* TabBarController.swift in Sources */,
				6AB1151329EE6D9E00D3B813 /* Ex_UITabBar.swift in Sources */,
				C4EA5B4229FA26E0008D1564 /* HomeHeaderStackView.swift in Sources */,
				C4DBAA3229DD763D00D1BB97 /* Ex+Int.swift in Sources */,
				C41193EA29D2D7FE003DBC15 /* MMMResource.swift in Sources */,
				6A381E0A29E8F40700E0974F /* AddViewController.swift in Sources */,
				6A0F234029DBA8AA0063673B /* DataExportViewController.swift in Sources */,
				C44807E329E649A300D4B090 /* HomeViewModel.swift in Sources */,
				C411939229D2817C003DBC15 /* ProfileViewController.swift in Sources */,
				C433A07329EEE751008B26DF /* Ex+Date.swift in Sources */,
				C4EA5B4029FA1A40008D1564 /* HomeHeaderView.swift in Sources */,
				C4DBAA3929DEAE0200D1BB97 /* CountAnimationStackView.swift in Sources */,
				6A1BAD4529E6550100818086 /* OnboardingViewModel.swift in Sources */,
				6A08B47A29FF5CA90080719E /* APIClient.swift in Sources */,
				C411938E29D2817C003DBC15 /* AppDelegate.swift in Sources */,
				C41193E629D287E6003DBC15 /* Ex+Color.swift in Sources */,
				C4DBAA2C29DBCB8B00D1BB97 /* Ex+Button.swift in Sources */,
				6A0D108229D3CF1B009D6DCA /* OnboardingViewController.swift in Sources */,
				C433A07129EE5516008B26DF /* Calendar.swift in Sources */,
				C41193E429D287E6003DBC15 /* Ex+Font.swift in Sources */,
				C41193E529D287E6003DBC15 /* Ex+UIDevice.swift in Sources */,
				C411940729D53EA0003DBC15 /* NavigationController.swift in Sources */,
				C41193F329D3AED5003DBC15 /* ProfileView.swift in Sources */,
				6A0D108529D3D209009D6DCA /* OnboardingView.swift in Sources */,
				C41193F729D3D954003DBC15 /* Ex+UITableView.swift in Sources */,
				C433A06D29EE53BB008B26DF /* HomeTableViewCell.swift in Sources */,
				C411939029D2817C003DBC15 /* SceneDelegate.swift in Sources */,
			);
			runOnlyForDeploymentPostprocessing = 0;
		};
		C411939C29D2817F003DBC15 /* Sources */ = {
			isa = PBXSourcesBuildPhase;
			buildActionMask = 2147483647;
			files = (
				C41193A529D2817F003DBC15 /* MMMTests.swift in Sources */,
			);
			runOnlyForDeploymentPostprocessing = 0;
		};
		C41193A629D2817F003DBC15 /* Sources */ = {
			isa = PBXSourcesBuildPhase;
			buildActionMask = 2147483647;
			files = (
				C41193B129D2817F003DBC15 /* MMMUITestsLaunchTests.swift in Sources */,
				C41193AF29D2817F003DBC15 /* MMMUITests.swift in Sources */,
			);
			runOnlyForDeploymentPostprocessing = 0;
		};
/* End PBXSourcesBuildPhase section */

/* Begin PBXTargetDependency section */
		C41193A229D2817F003DBC15 /* PBXTargetDependency */ = {
			isa = PBXTargetDependency;
			target = C411938929D2817C003DBC15 /* MMM */;
			targetProxy = C41193A129D2817F003DBC15 /* PBXContainerItemProxy */;
		};
		C41193AC29D2817F003DBC15 /* PBXTargetDependency */ = {
			isa = PBXTargetDependency;
			target = C411938929D2817C003DBC15 /* MMM */;
			targetProxy = C41193AB29D2817F003DBC15 /* PBXContainerItemProxy */;
		};
/* End PBXTargetDependency section */

/* Begin PBXVariantGroup section */
		C411939829D2817E003DBC15 /* LaunchScreen.storyboard */ = {
			isa = PBXVariantGroup;
			children = (
				C411939929D2817E003DBC15 /* Base */,
				C4DBAA3529DD7A9F00D1BB97 /* ko */,
			);
			name = LaunchScreen.storyboard;
			sourceTree = "<group>";
		};
/* End PBXVariantGroup section */

/* Begin XCBuildConfiguration section */
		C41193B229D2817F003DBC15 /* Debug */ = {
			isa = XCBuildConfiguration;
			buildSettings = {
				ALWAYS_SEARCH_USER_PATHS = NO;
				CLANG_ANALYZER_LOCALIZABILITY_NONLOCALIZED = YES;
				CLANG_ANALYZER_NONNULL = YES;
				CLANG_ANALYZER_NUMBER_OBJECT_CONVERSION = YES_AGGRESSIVE;
				CLANG_CXX_LANGUAGE_STANDARD = "gnu++20";
				CLANG_ENABLE_MODULES = YES;
				CLANG_ENABLE_OBJC_ARC = YES;
				CLANG_ENABLE_OBJC_WEAK = YES;
				CLANG_WARN_BLOCK_CAPTURE_AUTORELEASING = YES;
				CLANG_WARN_BOOL_CONVERSION = YES;
				CLANG_WARN_COMMA = YES;
				CLANG_WARN_CONSTANT_CONVERSION = YES;
				CLANG_WARN_DEPRECATED_OBJC_IMPLEMENTATIONS = YES;
				CLANG_WARN_DIRECT_OBJC_ISA_USAGE = YES_ERROR;
				CLANG_WARN_DOCUMENTATION_COMMENTS = YES;
				CLANG_WARN_EMPTY_BODY = YES;
				CLANG_WARN_ENUM_CONVERSION = YES;
				CLANG_WARN_INFINITE_RECURSION = YES;
				CLANG_WARN_INT_CONVERSION = YES;
				CLANG_WARN_NON_LITERAL_NULL_CONVERSION = YES;
				CLANG_WARN_OBJC_IMPLICIT_RETAIN_SELF = YES;
				CLANG_WARN_OBJC_LITERAL_CONVERSION = YES;
				CLANG_WARN_OBJC_ROOT_CLASS = YES_ERROR;
				CLANG_WARN_QUOTED_INCLUDE_IN_FRAMEWORK_HEADER = YES;
				CLANG_WARN_RANGE_LOOP_ANALYSIS = YES;
				CLANG_WARN_STRICT_PROTOTYPES = YES;
				CLANG_WARN_SUSPICIOUS_MOVE = YES;
				CLANG_WARN_UNGUARDED_AVAILABILITY = YES_AGGRESSIVE;
				CLANG_WARN_UNREACHABLE_CODE = YES;
				CLANG_WARN__DUPLICATE_METHOD_MATCH = YES;
				COPY_PHASE_STRIP = NO;
				DEBUG_INFORMATION_FORMAT = dwarf;
				ENABLE_STRICT_OBJC_MSGSEND = YES;
				ENABLE_TESTABILITY = YES;
				GCC_C_LANGUAGE_STANDARD = gnu11;
				GCC_DYNAMIC_NO_PIC = NO;
				GCC_NO_COMMON_BLOCKS = YES;
				GCC_OPTIMIZATION_LEVEL = 0;
				GCC_PREPROCESSOR_DEFINITIONS = (
					"DEBUG=1",
					"$(inherited)",
				);
				GCC_WARN_64_TO_32_BIT_CONVERSION = YES;
				GCC_WARN_ABOUT_RETURN_TYPE = YES_ERROR;
				GCC_WARN_UNDECLARED_SELECTOR = YES;
				GCC_WARN_UNINITIALIZED_AUTOS = YES_AGGRESSIVE;
				GCC_WARN_UNUSED_FUNCTION = YES;
				GCC_WARN_UNUSED_VARIABLE = YES;
				IPHONEOS_DEPLOYMENT_TARGET = 16.2;
				MTL_ENABLE_DEBUG_INFO = INCLUDE_SOURCE;
				MTL_FAST_MATH = YES;
				ONLY_ACTIVE_ARCH = YES;
				SDKROOT = iphoneos;
				SWIFT_ACTIVE_COMPILATION_CONDITIONS = DEBUG;
				SWIFT_OPTIMIZATION_LEVEL = "-Onone";
			};
			name = Debug;
		};
		C41193B329D2817F003DBC15 /* Release */ = {
			isa = XCBuildConfiguration;
			buildSettings = {
				ALWAYS_SEARCH_USER_PATHS = NO;
				CLANG_ANALYZER_LOCALIZABILITY_NONLOCALIZED = YES;
				CLANG_ANALYZER_NONNULL = YES;
				CLANG_ANALYZER_NUMBER_OBJECT_CONVERSION = YES_AGGRESSIVE;
				CLANG_CXX_LANGUAGE_STANDARD = "gnu++20";
				CLANG_ENABLE_MODULES = YES;
				CLANG_ENABLE_OBJC_ARC = YES;
				CLANG_ENABLE_OBJC_WEAK = YES;
				CLANG_WARN_BLOCK_CAPTURE_AUTORELEASING = YES;
				CLANG_WARN_BOOL_CONVERSION = YES;
				CLANG_WARN_COMMA = YES;
				CLANG_WARN_CONSTANT_CONVERSION = YES;
				CLANG_WARN_DEPRECATED_OBJC_IMPLEMENTATIONS = YES;
				CLANG_WARN_DIRECT_OBJC_ISA_USAGE = YES_ERROR;
				CLANG_WARN_DOCUMENTATION_COMMENTS = YES;
				CLANG_WARN_EMPTY_BODY = YES;
				CLANG_WARN_ENUM_CONVERSION = YES;
				CLANG_WARN_INFINITE_RECURSION = YES;
				CLANG_WARN_INT_CONVERSION = YES;
				CLANG_WARN_NON_LITERAL_NULL_CONVERSION = YES;
				CLANG_WARN_OBJC_IMPLICIT_RETAIN_SELF = YES;
				CLANG_WARN_OBJC_LITERAL_CONVERSION = YES;
				CLANG_WARN_OBJC_ROOT_CLASS = YES_ERROR;
				CLANG_WARN_QUOTED_INCLUDE_IN_FRAMEWORK_HEADER = YES;
				CLANG_WARN_RANGE_LOOP_ANALYSIS = YES;
				CLANG_WARN_STRICT_PROTOTYPES = YES;
				CLANG_WARN_SUSPICIOUS_MOVE = YES;
				CLANG_WARN_UNGUARDED_AVAILABILITY = YES_AGGRESSIVE;
				CLANG_WARN_UNREACHABLE_CODE = YES;
				CLANG_WARN__DUPLICATE_METHOD_MATCH = YES;
				COPY_PHASE_STRIP = NO;
				DEBUG_INFORMATION_FORMAT = "dwarf-with-dsym";
				ENABLE_NS_ASSERTIONS = NO;
				ENABLE_STRICT_OBJC_MSGSEND = YES;
				GCC_C_LANGUAGE_STANDARD = gnu11;
				GCC_NO_COMMON_BLOCKS = YES;
				GCC_WARN_64_TO_32_BIT_CONVERSION = YES;
				GCC_WARN_ABOUT_RETURN_TYPE = YES_ERROR;
				GCC_WARN_UNDECLARED_SELECTOR = YES;
				GCC_WARN_UNINITIALIZED_AUTOS = YES_AGGRESSIVE;
				GCC_WARN_UNUSED_FUNCTION = YES;
				GCC_WARN_UNUSED_VARIABLE = YES;
				IPHONEOS_DEPLOYMENT_TARGET = 16.2;
				MTL_ENABLE_DEBUG_INFO = NO;
				MTL_FAST_MATH = YES;
				SDKROOT = iphoneos;
				SWIFT_COMPILATION_MODE = wholemodule;
				SWIFT_OPTIMIZATION_LEVEL = "-O";
				VALIDATE_PRODUCT = YES;
			};
			name = Release;
		};
		C41193B529D2817F003DBC15 /* Debug */ = {
			isa = XCBuildConfiguration;
			baseConfigurationReference = FC275A78FD9B770379D3387D /* Pods-MMM.debug.xcconfig */;
			buildSettings = {
				ASSETCATALOG_COMPILER_APPICON_NAME = AppIcon;
				ASSETCATALOG_COMPILER_GLOBAL_ACCENT_COLOR_NAME = AccentColor;
				CODE_SIGN_ENTITLEMENTS = MMM/MMM.entitlements;
				CODE_SIGN_STYLE = Automatic;
				CURRENT_PROJECT_VERSION = 1;
				DEVELOPMENT_TEAM = L7X442LA7Q;
				GENERATE_INFOPLIST_FILE = YES;
				INFOPLIST_FILE = MMM/Resources/Info/Info.plist;
				INFOPLIST_KEY_UIApplicationSupportsIndirectInputEvents = YES;
				INFOPLIST_KEY_UILaunchStoryboardName = LaunchScreen;
				INFOPLIST_KEY_UISupportedInterfaceOrientations = UIInterfaceOrientationPortrait;
				INFOPLIST_KEY_UISupportedInterfaceOrientations_iPad = "UIInterfaceOrientationLandscapeLeft UIInterfaceOrientationLandscapeRight UIInterfaceOrientationPortrait UIInterfaceOrientationPortraitUpsideDown";
				IPHONEOS_DEPLOYMENT_TARGET = 14.0;
				LD_RUNPATH_SEARCH_PATHS = (
					"$(inherited)",
					"@executable_path/Frameworks",
				);
				MARKETING_VERSION = 1.0;
				PRODUCT_BUNDLE_IDENTIFIER = labM.project.MMM;
				PRODUCT_NAME = "$(TARGET_NAME)";
				SUPPORTED_PLATFORMS = "iphoneos iphonesimulator";
				SUPPORTS_MACCATALYST = NO;
				SUPPORTS_MAC_DESIGNED_FOR_IPHONE_IPAD = NO;
				SWIFT_EMIT_LOC_STRINGS = YES;
				SWIFT_VERSION = 5.0;
				TARGETED_DEVICE_FAMILY = 1;
			};
			name = Debug;
		};
		C41193B629D2817F003DBC15 /* Release */ = {
			isa = XCBuildConfiguration;
			baseConfigurationReference = 0020DFFCCABA708243684054 /* Pods-MMM.release.xcconfig */;
			buildSettings = {
				ASSETCATALOG_COMPILER_APPICON_NAME = AppIcon;
				ASSETCATALOG_COMPILER_GLOBAL_ACCENT_COLOR_NAME = AccentColor;
				CODE_SIGN_ENTITLEMENTS = MMM/MMM.entitlements;
				CODE_SIGN_STYLE = Automatic;
				CURRENT_PROJECT_VERSION = 1;
				DEVELOPMENT_TEAM = L7X442LA7Q;
				GENERATE_INFOPLIST_FILE = YES;
				INFOPLIST_FILE = MMM/Resources/Info/Info.plist;
				INFOPLIST_KEY_UIApplicationSupportsIndirectInputEvents = YES;
				INFOPLIST_KEY_UILaunchStoryboardName = LaunchScreen;
				INFOPLIST_KEY_UISupportedInterfaceOrientations = UIInterfaceOrientationPortrait;
				INFOPLIST_KEY_UISupportedInterfaceOrientations_iPad = "UIInterfaceOrientationLandscapeLeft UIInterfaceOrientationLandscapeRight UIInterfaceOrientationPortrait UIInterfaceOrientationPortraitUpsideDown";
				IPHONEOS_DEPLOYMENT_TARGET = 14.0;
				LD_RUNPATH_SEARCH_PATHS = (
					"$(inherited)",
					"@executable_path/Frameworks",
				);
				MARKETING_VERSION = 1.0;
				PRODUCT_BUNDLE_IDENTIFIER = labM.project.MMM;
				PRODUCT_NAME = "$(TARGET_NAME)";
				SUPPORTED_PLATFORMS = "iphoneos iphonesimulator";
				SUPPORTS_MACCATALYST = NO;
				SUPPORTS_MAC_DESIGNED_FOR_IPHONE_IPAD = NO;
				SWIFT_EMIT_LOC_STRINGS = YES;
				SWIFT_VERSION = 5.0;
				TARGETED_DEVICE_FAMILY = 1;
			};
			name = Release;
		};
		C41193B829D2817F003DBC15 /* Debug */ = {
			isa = XCBuildConfiguration;
			baseConfigurationReference = 1E035A75D3A833AD01047796 /* Pods-MMMTests.debug.xcconfig */;
			buildSettings = {
				ALWAYS_EMBED_SWIFT_STANDARD_LIBRARIES = YES;
				BUNDLE_LOADER = "$(TEST_HOST)";
				CODE_SIGN_STYLE = Automatic;
				CURRENT_PROJECT_VERSION = 1;
				GENERATE_INFOPLIST_FILE = YES;
				IPHONEOS_DEPLOYMENT_TARGET = 16.2;
				MARKETING_VERSION = 1.0;
				PRODUCT_BUNDLE_IDENTIFIER = lionlike.project.MMM.MMMTests;
				PRODUCT_NAME = "$(TARGET_NAME)";
				SWIFT_EMIT_LOC_STRINGS = NO;
				SWIFT_VERSION = 5.0;
				TARGETED_DEVICE_FAMILY = "1,2";
				TEST_HOST = "$(BUILT_PRODUCTS_DIR)/MMM.app/$(BUNDLE_EXECUTABLE_FOLDER_PATH)/MMM";
			};
			name = Debug;
		};
		C41193B929D2817F003DBC15 /* Release */ = {
			isa = XCBuildConfiguration;
			baseConfigurationReference = E1F4C2751A32E5FDB91A657F /* Pods-MMMTests.release.xcconfig */;
			buildSettings = {
				ALWAYS_EMBED_SWIFT_STANDARD_LIBRARIES = YES;
				BUNDLE_LOADER = "$(TEST_HOST)";
				CODE_SIGN_STYLE = Automatic;
				CURRENT_PROJECT_VERSION = 1;
				GENERATE_INFOPLIST_FILE = YES;
				IPHONEOS_DEPLOYMENT_TARGET = 16.2;
				MARKETING_VERSION = 1.0;
				PRODUCT_BUNDLE_IDENTIFIER = lionlike.project.MMM.MMMTests;
				PRODUCT_NAME = "$(TARGET_NAME)";
				SWIFT_EMIT_LOC_STRINGS = NO;
				SWIFT_VERSION = 5.0;
				TARGETED_DEVICE_FAMILY = "1,2";
				TEST_HOST = "$(BUILT_PRODUCTS_DIR)/MMM.app/$(BUNDLE_EXECUTABLE_FOLDER_PATH)/MMM";
			};
			name = Release;
		};
		C41193BB29D2817F003DBC15 /* Debug */ = {
			isa = XCBuildConfiguration;
			baseConfigurationReference = 58A4D4522CDE75108D91C22E /* Pods-MMM-MMMUITests.debug.xcconfig */;
			buildSettings = {
				ALWAYS_EMBED_SWIFT_STANDARD_LIBRARIES = YES;
				CODE_SIGN_STYLE = Automatic;
				CURRENT_PROJECT_VERSION = 1;
				GENERATE_INFOPLIST_FILE = YES;
				MARKETING_VERSION = 1.0;
				PRODUCT_BUNDLE_IDENTIFIER = lionlike.project.MMM.MMMUITests;
				PRODUCT_NAME = "$(TARGET_NAME)";
				SWIFT_EMIT_LOC_STRINGS = NO;
				SWIFT_VERSION = 5.0;
				TARGETED_DEVICE_FAMILY = "1,2";
				TEST_TARGET_NAME = MMM;
			};
			name = Debug;
		};
		C41193BC29D2817F003DBC15 /* Release */ = {
			isa = XCBuildConfiguration;
			baseConfigurationReference = F4482F9A861317CCBA1EDC6B /* Pods-MMM-MMMUITests.release.xcconfig */;
			buildSettings = {
				ALWAYS_EMBED_SWIFT_STANDARD_LIBRARIES = YES;
				CODE_SIGN_STYLE = Automatic;
				CURRENT_PROJECT_VERSION = 1;
				GENERATE_INFOPLIST_FILE = YES;
				MARKETING_VERSION = 1.0;
				PRODUCT_BUNDLE_IDENTIFIER = lionlike.project.MMM.MMMUITests;
				PRODUCT_NAME = "$(TARGET_NAME)";
				SWIFT_EMIT_LOC_STRINGS = NO;
				SWIFT_VERSION = 5.0;
				TARGETED_DEVICE_FAMILY = "1,2";
				TEST_TARGET_NAME = MMM;
			};
			name = Release;
		};
/* End XCBuildConfiguration section */

/* Begin XCConfigurationList section */
		C411938529D2817C003DBC15 /* Build configuration list for PBXProject "MMM" */ = {
			isa = XCConfigurationList;
			buildConfigurations = (
				C41193B229D2817F003DBC15 /* Debug */,
				C41193B329D2817F003DBC15 /* Release */,
			);
			defaultConfigurationIsVisible = 0;
			defaultConfigurationName = Release;
		};
		C41193B429D2817F003DBC15 /* Build configuration list for PBXNativeTarget "MMM" */ = {
			isa = XCConfigurationList;
			buildConfigurations = (
				C41193B529D2817F003DBC15 /* Debug */,
				C41193B629D2817F003DBC15 /* Release */,
			);
			defaultConfigurationIsVisible = 0;
			defaultConfigurationName = Release;
		};
		C41193B729D2817F003DBC15 /* Build configuration list for PBXNativeTarget "MMMTests" */ = {
			isa = XCConfigurationList;
			buildConfigurations = (
				C41193B829D2817F003DBC15 /* Debug */,
				C41193B929D2817F003DBC15 /* Release */,
			);
			defaultConfigurationIsVisible = 0;
			defaultConfigurationName = Release;
		};
		C41193BA29D2817F003DBC15 /* Build configuration list for PBXNativeTarget "MMMUITests" */ = {
			isa = XCConfigurationList;
			buildConfigurations = (
				C41193BB29D2817F003DBC15 /* Debug */,
				C41193BC29D2817F003DBC15 /* Release */,
			);
			defaultConfigurationIsVisible = 0;
			defaultConfigurationName = Release;
		};
/* End XCConfigurationList section */
	};
	rootObject = C411938229D2817C003DBC15 /* Project object */;
}
